
Microsoft Visual Studio Solution File, Format Version 12.00
# Visual Studio 15
VisualStudioVersion = 15.0.27130.2036
MinimumVisualStudioVersion = 10.0.40219.1
Project("{FAE04EC0-301F-11D3-BF4B-00C04F79EFBC}") = "BikeTouringGIS", "BikeTouringGIS\BikeTouringGIS.csproj", "{39DE280E-2709-4C05-8F0C-01F8774D73C7}"
EndProject
Project("{FAE04EC0-301F-11D3-BF4B-00C04F79EFBC}") = "BikeTouringGIS.Library", "BikeTouringGIS.Library\BikeTouringGIS.Library.csproj", "{BDC204A2-F656-43B9-9B4B-C6308BD81404}"
EndProject
Project("{FAE04EC0-301F-11D3-BF4B-00C04F79EFBC}") = "BikeTouringGIS.Library.UnitTests", "BikeTouringGIS.Library.UnitTests\BikeTouringGIS.Library.UnitTests.csproj", "{02120E6D-3E7D-445A-A27F-9EA8EF43F18B}"
EndProject
Project("{FAE04EC0-301F-11D3-BF4B-00C04F79EFBC}") = "GPX", "..\GPXDataAnalyzer\GPX\GPX.csproj", "{159F1FC4-4759-4DB0-8695-FFD423302DB4}"
EndProject
Project("{FAE04EC0-301F-11D3-BF4B-00C04F79EFBC}") = "theRightDirection.Library.Logging", "..\theRightDirection.Library.Logging\theRightDirection.Library.Logging\theRightDirection.Library.Logging.csproj", "{302E3909-04AF-4064-A533-6FAA5E6593CF}"
EndProject
Project("{FAE04EC0-301F-11D3-BF4B-00C04F79EFBC}") = "WinUX.Common", "..\WinUX-UWP-Toolkit\WinUX\WinUX.Common\WinUX.Common.csproj", "{55C7FA03-C3B0-4AA0-BE48-3FA435EE37C1}"
EndProject
Project("{FAE04EC0-301F-11D3-BF4B-00C04F79EFBC}") = "BikeTouringGISApp", "BikeTouringGISApp\BikeTouringGISApp.csproj", "{772BF105-4384-4701-A398-8756CB5BA908}"
EndProject
Project("{FAE04EC0-301F-11D3-BF4B-00C04F79EFBC}") = "BikeTouringGISApp.Library", "BikeTouringGISApp.Library\BikeTouringGISApp.Library.csproj", "{01A37488-B1A9-40D0-BCD9-3A5ED692F127}"
EndProject
Project("{FAE04EC0-301F-11D3-BF4B-00C04F79EFBC}") = "BikeTouringGISApp.UnitTests", "BikeTouringGISApp.UnitTests\BikeTouringGISApp.UnitTests.csproj", "{60E942B6-18E4-4B43-BCFF-C0C4C72B0356}"
EndProject
Project("{FAE04EC0-301F-11D3-BF4B-00C04F79EFBC}") = "WinUX.UWP", "..\WinUX-UWP-Toolkit\WinUX\WinUX.UWP\WinUX.UWP.csproj", "{B7D2BD46-3485-459D-AD88-ECABF497D508}"
EndProject
Project("{FAE04EC0-301F-11D3-BF4B-00C04F79EFBC}") = "WinUX.UWP.Xaml", "..\WinUX-UWP-Toolkit\WinUX\WinUX.UWP.Xaml\WinUX.UWP.Xaml.csproj", "{0D958504-42C8-4B04-B9A7-2C6CB6E8009C}"
EndProject
Project("{9A19103F-16F7-4668-BE54-9A1E7A4F7556}") = "Microsoft.Toolkit.Uwp.Services", "..\UWPCommunityToolkit\Microsoft.Toolkit.Uwp.Services\Microsoft.Toolkit.Uwp.Services.csproj", "{7189A42D-6F1A-4FA3-8E00-E2C14FDF167A}"
EndProject
Project("{9A19103F-16F7-4668-BE54-9A1E7A4F7556}") = "Microsoft.Toolkit.Uwp", "..\UWPCommunityToolkit\Microsoft.Toolkit.Uwp\Microsoft.Toolkit.Uwp.csproj", "{805F80DF-75C6-4C2F-8FD9-B47F6D0DF5A3}"
EndProject
Project("{9A19103F-16F7-4668-BE54-9A1E7A4F7556}") = "Microsoft.Toolkit.Services", "..\UWPCommunityToolkit\Microsoft.Toolkit.Services\Microsoft.Toolkit.Services.csproj", "{1C8A345B-FA57-4F22-B648-C703599F6F00}"
EndProject
Project("{9A19103F-16F7-4668-BE54-9A1E7A4F7556}") = "Microsoft.Toolkit", "..\UWPCommunityToolkit\Microsoft.Toolkit\Microsoft.Toolkit.csproj", "{1C743253-00DD-406B-A0A9-7F956344838F}"
EndProject
Project("{9A19103F-16F7-4668-BE54-9A1E7A4F7556}") = "Microsoft.Toolkit.Uwp.UI.Controls", "..\UWPCommunityToolkit\Microsoft.Toolkit.Uwp.UI.Controls\Microsoft.Toolkit.Uwp.UI.Controls.csproj", "{E9FAABFB-D726-42C1-83C1-CB46A29FEA81}"
EndProject
Project("{9A19103F-16F7-4668-BE54-9A1E7A4F7556}") = "Microsoft.Toolkit.Uwp.UI.Animations", "..\UWPCommunityToolkit\Microsoft.Toolkit.Uwp.UI.Animations\Microsoft.Toolkit.Uwp.UI.Animations.csproj", "{B24A296C-B3EB-4E06-A64E-74AC2D1ACC91}"
EndProject
Project("{9A19103F-16F7-4668-BE54-9A1E7A4F7556}") = "Microsoft.Toolkit.Uwp.UI", "..\UWPCommunityToolkit\Microsoft.Toolkit.Uwp.UI\Microsoft.Toolkit.Uwp.UI.csproj", "{3DD8AA7C-3569-4E51-992F-0C2257E8878E}"
EndProject
Project("{2150E333-8FDC-42A3-9474-1A3956D46DE8}") = "Solution Items", "Solution Items", "{CCB51AC0-5179-4E8D-B239-1F5DF9E0B427}"
	ProjectSection(SolutionItems) = preProject
		UnitTestSettings.testsettings = UnitTestSettings.testsettings
	EndProjectSection
EndProject
Global
	GlobalSection(SolutionConfigurationPlatforms) = preSolution
		Debug (Anniversary Update)|Any CPU = Debug (Anniversary Update)|Any CPU
		Debug (Anniversary Update)|ARM = Debug (Anniversary Update)|ARM
		Debug (Anniversary Update)|x64 = Debug (Anniversary Update)|x64
		Debug (Anniversary Update)|x86 = Debug (Anniversary Update)|x86
		Debug (Version 1511)|Any CPU = Debug (Version 1511)|Any CPU
		Debug (Version 1511)|ARM = Debug (Version 1511)|ARM
		Debug (Version 1511)|x64 = Debug (Version 1511)|x64
		Debug (Version 1511)|x86 = Debug (Version 1511)|x86
		Debug|Any CPU = Debug|Any CPU
		Debug|ARM = Debug|ARM
		Debug|x64 = Debug|x64
		Debug|x86 = Debug|x86
		Publish|Any CPU = Publish|Any CPU
		Publish|ARM = Publish|ARM
		Publish|x64 = Publish|x64
		Publish|x86 = Publish|x86
		Release (Anniversary Update)|Any CPU = Release (Anniversary Update)|Any CPU
		Release (Anniversary Update)|ARM = Release (Anniversary Update)|ARM
		Release (Anniversary Update)|x64 = Release (Anniversary Update)|x64
		Release (Anniversary Update)|x86 = Release (Anniversary Update)|x86
		Release (Version 1511)|Any CPU = Release (Version 1511)|Any CPU
		Release (Version 1511)|ARM = Release (Version 1511)|ARM
		Release (Version 1511)|x64 = Release (Version 1511)|x64
		Release (Version 1511)|x86 = Release (Version 1511)|x86
		Release|Any CPU = Release|Any CPU
		Release|ARM = Release|ARM
		Release|x64 = Release|x64
		Release|x86 = Release|x86
	EndGlobalSection
	GlobalSection(ProjectConfigurationPlatforms) = postSolution
		{39DE280E-2709-4C05-8F0C-01F8774D73C7}.Debug (Anniversary Update)|Any CPU.ActiveCfg = Debug|Any CPU
		{39DE280E-2709-4C05-8F0C-01F8774D73C7}.Debug (Anniversary Update)|Any CPU.Build.0 = Debug|Any CPU
		{39DE280E-2709-4C05-8F0C-01F8774D73C7}.Debug (Anniversary Update)|ARM.ActiveCfg = Debug|Any CPU
		{39DE280E-2709-4C05-8F0C-01F8774D73C7}.Debug (Anniversary Update)|ARM.Build.0 = Debug|Any CPU
		{39DE280E-2709-4C05-8F0C-01F8774D73C7}.Debug (Anniversary Update)|x64.ActiveCfg = Debug|Any CPU
		{39DE280E-2709-4C05-8F0C-01F8774D73C7}.Debug (Anniversary Update)|x64.Build.0 = Debug|Any CPU
		{39DE280E-2709-4C05-8F0C-01F8774D73C7}.Debug (Anniversary Update)|x86.ActiveCfg = Debug|Any CPU
		{39DE280E-2709-4C05-8F0C-01F8774D73C7}.Debug (Anniversary Update)|x86.Build.0 = Debug|Any CPU
		{39DE280E-2709-4C05-8F0C-01F8774D73C7}.Debug (Version 1511)|Any CPU.ActiveCfg = Debug|Any CPU
		{39DE280E-2709-4C05-8F0C-01F8774D73C7}.Debug (Version 1511)|Any CPU.Build.0 = Debug|Any CPU
		{39DE280E-2709-4C05-8F0C-01F8774D73C7}.Debug (Version 1511)|ARM.ActiveCfg = Debug|Any CPU
		{39DE280E-2709-4C05-8F0C-01F8774D73C7}.Debug (Version 1511)|ARM.Build.0 = Debug|Any CPU
		{39DE280E-2709-4C05-8F0C-01F8774D73C7}.Debug (Version 1511)|x64.ActiveCfg = Debug|Any CPU
		{39DE280E-2709-4C05-8F0C-01F8774D73C7}.Debug (Version 1511)|x64.Build.0 = Debug|Any CPU
		{39DE280E-2709-4C05-8F0C-01F8774D73C7}.Debug (Version 1511)|x86.ActiveCfg = Debug|Any CPU
		{39DE280E-2709-4C05-8F0C-01F8774D73C7}.Debug (Version 1511)|x86.Build.0 = Debug|Any CPU
		{39DE280E-2709-4C05-8F0C-01F8774D73C7}.Debug|Any CPU.ActiveCfg = Debug|Any CPU
		{39DE280E-2709-4C05-8F0C-01F8774D73C7}.Debug|Any CPU.Build.0 = Debug|Any CPU
		{39DE280E-2709-4C05-8F0C-01F8774D73C7}.Debug|ARM.ActiveCfg = Debug|Any CPU
		{39DE280E-2709-4C05-8F0C-01F8774D73C7}.Debug|ARM.Build.0 = Debug|Any CPU
		{39DE280E-2709-4C05-8F0C-01F8774D73C7}.Debug|x64.ActiveCfg = Debug|Any CPU
		{39DE280E-2709-4C05-8F0C-01F8774D73C7}.Debug|x64.Build.0 = Debug|Any CPU
		{39DE280E-2709-4C05-8F0C-01F8774D73C7}.Debug|x86.ActiveCfg = Debug|Any CPU
		{39DE280E-2709-4C05-8F0C-01F8774D73C7}.Debug|x86.Build.0 = Debug|Any CPU
		{39DE280E-2709-4C05-8F0C-01F8774D73C7}.Publish|Any CPU.ActiveCfg = Release|Any CPU
		{39DE280E-2709-4C05-8F0C-01F8774D73C7}.Publish|Any CPU.Build.0 = Release|Any CPU
		{39DE280E-2709-4C05-8F0C-01F8774D73C7}.Publish|ARM.ActiveCfg = Release|Any CPU
		{39DE280E-2709-4C05-8F0C-01F8774D73C7}.Publish|ARM.Build.0 = Release|Any CPU
		{39DE280E-2709-4C05-8F0C-01F8774D73C7}.Publish|x64.ActiveCfg = Release|Any CPU
		{39DE280E-2709-4C05-8F0C-01F8774D73C7}.Publish|x64.Build.0 = Release|Any CPU
		{39DE280E-2709-4C05-8F0C-01F8774D73C7}.Publish|x86.ActiveCfg = Release|Any CPU
		{39DE280E-2709-4C05-8F0C-01F8774D73C7}.Publish|x86.Build.0 = Release|Any CPU
		{39DE280E-2709-4C05-8F0C-01F8774D73C7}.Release (Anniversary Update)|Any CPU.ActiveCfg = Release|Any CPU
		{39DE280E-2709-4C05-8F0C-01F8774D73C7}.Release (Anniversary Update)|Any CPU.Build.0 = Release|Any CPU
		{39DE280E-2709-4C05-8F0C-01F8774D73C7}.Release (Anniversary Update)|ARM.ActiveCfg = Release|Any CPU
		{39DE280E-2709-4C05-8F0C-01F8774D73C7}.Release (Anniversary Update)|ARM.Build.0 = Release|Any CPU
		{39DE280E-2709-4C05-8F0C-01F8774D73C7}.Release (Anniversary Update)|x64.ActiveCfg = Release|Any CPU
		{39DE280E-2709-4C05-8F0C-01F8774D73C7}.Release (Anniversary Update)|x64.Build.0 = Release|Any CPU
		{39DE280E-2709-4C05-8F0C-01F8774D73C7}.Release (Anniversary Update)|x86.ActiveCfg = Release|Any CPU
		{39DE280E-2709-4C05-8F0C-01F8774D73C7}.Release (Anniversary Update)|x86.Build.0 = Release|Any CPU
		{39DE280E-2709-4C05-8F0C-01F8774D73C7}.Release (Version 1511)|Any CPU.ActiveCfg = Release|Any CPU
		{39DE280E-2709-4C05-8F0C-01F8774D73C7}.Release (Version 1511)|Any CPU.Build.0 = Release|Any CPU
		{39DE280E-2709-4C05-8F0C-01F8774D73C7}.Release (Version 1511)|ARM.ActiveCfg = Release|Any CPU
		{39DE280E-2709-4C05-8F0C-01F8774D73C7}.Release (Version 1511)|ARM.Build.0 = Release|Any CPU
		{39DE280E-2709-4C05-8F0C-01F8774D73C7}.Release (Version 1511)|x64.ActiveCfg = Release|Any CPU
		{39DE280E-2709-4C05-8F0C-01F8774D73C7}.Release (Version 1511)|x64.Build.0 = Release|Any CPU
		{39DE280E-2709-4C05-8F0C-01F8774D73C7}.Release (Version 1511)|x86.ActiveCfg = Release|Any CPU
		{39DE280E-2709-4C05-8F0C-01F8774D73C7}.Release (Version 1511)|x86.Build.0 = Release|Any CPU
		{39DE280E-2709-4C05-8F0C-01F8774D73C7}.Release|Any CPU.ActiveCfg = Release|Any CPU
		{39DE280E-2709-4C05-8F0C-01F8774D73C7}.Release|Any CPU.Build.0 = Release|Any CPU
		{39DE280E-2709-4C05-8F0C-01F8774D73C7}.Release|ARM.ActiveCfg = Release|Any CPU
		{39DE280E-2709-4C05-8F0C-01F8774D73C7}.Release|ARM.Build.0 = Release|Any CPU
		{39DE280E-2709-4C05-8F0C-01F8774D73C7}.Release|x64.ActiveCfg = Release|Any CPU
		{39DE280E-2709-4C05-8F0C-01F8774D73C7}.Release|x64.Build.0 = Release|Any CPU
		{39DE280E-2709-4C05-8F0C-01F8774D73C7}.Release|x86.ActiveCfg = Release|Any CPU
		{39DE280E-2709-4C05-8F0C-01F8774D73C7}.Release|x86.Build.0 = Release|Any CPU
		{BDC204A2-F656-43B9-9B4B-C6308BD81404}.Debug (Anniversary Update)|Any CPU.ActiveCfg = Debug|Any CPU
		{BDC204A2-F656-43B9-9B4B-C6308BD81404}.Debug (Anniversary Update)|Any CPU.Build.0 = Debug|Any CPU
		{BDC204A2-F656-43B9-9B4B-C6308BD81404}.Debug (Anniversary Update)|ARM.ActiveCfg = Debug|Any CPU
		{BDC204A2-F656-43B9-9B4B-C6308BD81404}.Debug (Anniversary Update)|ARM.Build.0 = Debug|Any CPU
		{BDC204A2-F656-43B9-9B4B-C6308BD81404}.Debug (Anniversary Update)|x64.ActiveCfg = Debug|Any CPU
		{BDC204A2-F656-43B9-9B4B-C6308BD81404}.Debug (Anniversary Update)|x64.Build.0 = Debug|Any CPU
		{BDC204A2-F656-43B9-9B4B-C6308BD81404}.Debug (Anniversary Update)|x86.ActiveCfg = Debug|Any CPU
		{BDC204A2-F656-43B9-9B4B-C6308BD81404}.Debug (Anniversary Update)|x86.Build.0 = Debug|Any CPU
		{BDC204A2-F656-43B9-9B4B-C6308BD81404}.Debug (Version 1511)|Any CPU.ActiveCfg = Debug|Any CPU
		{BDC204A2-F656-43B9-9B4B-C6308BD81404}.Debug (Version 1511)|Any CPU.Build.0 = Debug|Any CPU
		{BDC204A2-F656-43B9-9B4B-C6308BD81404}.Debug (Version 1511)|ARM.ActiveCfg = Debug|Any CPU
		{BDC204A2-F656-43B9-9B4B-C6308BD81404}.Debug (Version 1511)|ARM.Build.0 = Debug|Any CPU
		{BDC204A2-F656-43B9-9B4B-C6308BD81404}.Debug (Version 1511)|x64.ActiveCfg = Debug|Any CPU
		{BDC204A2-F656-43B9-9B4B-C6308BD81404}.Debug (Version 1511)|x64.Build.0 = Debug|Any CPU
		{BDC204A2-F656-43B9-9B4B-C6308BD81404}.Debug (Version 1511)|x86.ActiveCfg = Debug|Any CPU
		{BDC204A2-F656-43B9-9B4B-C6308BD81404}.Debug (Version 1511)|x86.Build.0 = Debug|Any CPU
		{BDC204A2-F656-43B9-9B4B-C6308BD81404}.Debug|Any CPU.ActiveCfg = Debug|Any CPU
		{BDC204A2-F656-43B9-9B4B-C6308BD81404}.Debug|Any CPU.Build.0 = Debug|Any CPU
		{BDC204A2-F656-43B9-9B4B-C6308BD81404}.Debug|ARM.ActiveCfg = Debug|Any CPU
		{BDC204A2-F656-43B9-9B4B-C6308BD81404}.Debug|ARM.Build.0 = Debug|Any CPU
		{BDC204A2-F656-43B9-9B4B-C6308BD81404}.Debug|x64.ActiveCfg = Debug|Any CPU
		{BDC204A2-F656-43B9-9B4B-C6308BD81404}.Debug|x64.Build.0 = Debug|Any CPU
		{BDC204A2-F656-43B9-9B4B-C6308BD81404}.Debug|x86.ActiveCfg = Debug|Any CPU
		{BDC204A2-F656-43B9-9B4B-C6308BD81404}.Debug|x86.Build.0 = Debug|Any CPU
		{BDC204A2-F656-43B9-9B4B-C6308BD81404}.Publish|Any CPU.ActiveCfg = Release|Any CPU
		{BDC204A2-F656-43B9-9B4B-C6308BD81404}.Publish|Any CPU.Build.0 = Release|Any CPU
		{BDC204A2-F656-43B9-9B4B-C6308BD81404}.Publish|ARM.ActiveCfg = Release|Any CPU
		{BDC204A2-F656-43B9-9B4B-C6308BD81404}.Publish|ARM.Build.0 = Release|Any CPU
		{BDC204A2-F656-43B9-9B4B-C6308BD81404}.Publish|x64.ActiveCfg = Release|Any CPU
		{BDC204A2-F656-43B9-9B4B-C6308BD81404}.Publish|x64.Build.0 = Release|Any CPU
		{BDC204A2-F656-43B9-9B4B-C6308BD81404}.Publish|x86.ActiveCfg = Release|Any CPU
		{BDC204A2-F656-43B9-9B4B-C6308BD81404}.Publish|x86.Build.0 = Release|Any CPU
		{BDC204A2-F656-43B9-9B4B-C6308BD81404}.Release (Anniversary Update)|Any CPU.ActiveCfg = Release|Any CPU
		{BDC204A2-F656-43B9-9B4B-C6308BD81404}.Release (Anniversary Update)|Any CPU.Build.0 = Release|Any CPU
		{BDC204A2-F656-43B9-9B4B-C6308BD81404}.Release (Anniversary Update)|ARM.ActiveCfg = Release|Any CPU
		{BDC204A2-F656-43B9-9B4B-C6308BD81404}.Release (Anniversary Update)|ARM.Build.0 = Release|Any CPU
		{BDC204A2-F656-43B9-9B4B-C6308BD81404}.Release (Anniversary Update)|x64.ActiveCfg = Release|Any CPU
		{BDC204A2-F656-43B9-9B4B-C6308BD81404}.Release (Anniversary Update)|x64.Build.0 = Release|Any CPU
		{BDC204A2-F656-43B9-9B4B-C6308BD81404}.Release (Anniversary Update)|x86.ActiveCfg = Release|Any CPU
		{BDC204A2-F656-43B9-9B4B-C6308BD81404}.Release (Anniversary Update)|x86.Build.0 = Release|Any CPU
		{BDC204A2-F656-43B9-9B4B-C6308BD81404}.Release (Version 1511)|Any CPU.ActiveCfg = Release|Any CPU
		{BDC204A2-F656-43B9-9B4B-C6308BD81404}.Release (Version 1511)|Any CPU.Build.0 = Release|Any CPU
		{BDC204A2-F656-43B9-9B4B-C6308BD81404}.Release (Version 1511)|ARM.ActiveCfg = Release|Any CPU
		{BDC204A2-F656-43B9-9B4B-C6308BD81404}.Release (Version 1511)|ARM.Build.0 = Release|Any CPU
		{BDC204A2-F656-43B9-9B4B-C6308BD81404}.Release (Version 1511)|x64.ActiveCfg = Release|Any CPU
		{BDC204A2-F656-43B9-9B4B-C6308BD81404}.Release (Version 1511)|x64.Build.0 = Release|Any CPU
		{BDC204A2-F656-43B9-9B4B-C6308BD81404}.Release (Version 1511)|x86.ActiveCfg = Release|Any CPU
		{BDC204A2-F656-43B9-9B4B-C6308BD81404}.Release (Version 1511)|x86.Build.0 = Release|Any CPU
		{BDC204A2-F656-43B9-9B4B-C6308BD81404}.Release|Any CPU.ActiveCfg = Release|Any CPU
		{BDC204A2-F656-43B9-9B4B-C6308BD81404}.Release|Any CPU.Build.0 = Release|Any CPU
		{BDC204A2-F656-43B9-9B4B-C6308BD81404}.Release|ARM.ActiveCfg = Release|Any CPU
		{BDC204A2-F656-43B9-9B4B-C6308BD81404}.Release|ARM.Build.0 = Release|Any CPU
		{BDC204A2-F656-43B9-9B4B-C6308BD81404}.Release|x64.ActiveCfg = Release|Any CPU
		{BDC204A2-F656-43B9-9B4B-C6308BD81404}.Release|x64.Build.0 = Release|Any CPU
		{BDC204A2-F656-43B9-9B4B-C6308BD81404}.Release|x86.ActiveCfg = Release|Any CPU
		{BDC204A2-F656-43B9-9B4B-C6308BD81404}.Release|x86.Build.0 = Release|Any CPU
		{02120E6D-3E7D-445A-A27F-9EA8EF43F18B}.Debug (Anniversary Update)|Any CPU.ActiveCfg = Debug|Any CPU
		{02120E6D-3E7D-445A-A27F-9EA8EF43F18B}.Debug (Anniversary Update)|Any CPU.Build.0 = Debug|Any CPU
		{02120E6D-3E7D-445A-A27F-9EA8EF43F18B}.Debug (Anniversary Update)|ARM.ActiveCfg = Debug|Any CPU
		{02120E6D-3E7D-445A-A27F-9EA8EF43F18B}.Debug (Anniversary Update)|ARM.Build.0 = Debug|Any CPU
		{02120E6D-3E7D-445A-A27F-9EA8EF43F18B}.Debug (Anniversary Update)|x64.ActiveCfg = Debug|Any CPU
		{02120E6D-3E7D-445A-A27F-9EA8EF43F18B}.Debug (Anniversary Update)|x64.Build.0 = Debug|Any CPU
		{02120E6D-3E7D-445A-A27F-9EA8EF43F18B}.Debug (Anniversary Update)|x86.ActiveCfg = Debug|Any CPU
		{02120E6D-3E7D-445A-A27F-9EA8EF43F18B}.Debug (Anniversary Update)|x86.Build.0 = Debug|Any CPU
		{02120E6D-3E7D-445A-A27F-9EA8EF43F18B}.Debug (Version 1511)|Any CPU.ActiveCfg = Debug|Any CPU
		{02120E6D-3E7D-445A-A27F-9EA8EF43F18B}.Debug (Version 1511)|Any CPU.Build.0 = Debug|Any CPU
		{02120E6D-3E7D-445A-A27F-9EA8EF43F18B}.Debug (Version 1511)|ARM.ActiveCfg = Debug|Any CPU
		{02120E6D-3E7D-445A-A27F-9EA8EF43F18B}.Debug (Version 1511)|ARM.Build.0 = Debug|Any CPU
		{02120E6D-3E7D-445A-A27F-9EA8EF43F18B}.Debug (Version 1511)|x64.ActiveCfg = Debug|Any CPU
		{02120E6D-3E7D-445A-A27F-9EA8EF43F18B}.Debug (Version 1511)|x64.Build.0 = Debug|Any CPU
		{02120E6D-3E7D-445A-A27F-9EA8EF43F18B}.Debug (Version 1511)|x86.ActiveCfg = Debug|Any CPU
		{02120E6D-3E7D-445A-A27F-9EA8EF43F18B}.Debug (Version 1511)|x86.Build.0 = Debug|Any CPU
		{02120E6D-3E7D-445A-A27F-9EA8EF43F18B}.Debug|Any CPU.ActiveCfg = Debug|Any CPU
		{02120E6D-3E7D-445A-A27F-9EA8EF43F18B}.Debug|Any CPU.Build.0 = Debug|Any CPU
		{02120E6D-3E7D-445A-A27F-9EA8EF43F18B}.Debug|ARM.ActiveCfg = Debug|Any CPU
		{02120E6D-3E7D-445A-A27F-9EA8EF43F18B}.Debug|ARM.Build.0 = Debug|Any CPU
		{02120E6D-3E7D-445A-A27F-9EA8EF43F18B}.Debug|x64.ActiveCfg = Debug|Any CPU
		{02120E6D-3E7D-445A-A27F-9EA8EF43F18B}.Debug|x64.Build.0 = Debug|Any CPU
		{02120E6D-3E7D-445A-A27F-9EA8EF43F18B}.Debug|x86.ActiveCfg = Debug|Any CPU
		{02120E6D-3E7D-445A-A27F-9EA8EF43F18B}.Debug|x86.Build.0 = Debug|Any CPU
		{02120E6D-3E7D-445A-A27F-9EA8EF43F18B}.Publish|Any CPU.ActiveCfg = Release|Any CPU
		{02120E6D-3E7D-445A-A27F-9EA8EF43F18B}.Publish|Any CPU.Build.0 = Release|Any CPU
		{02120E6D-3E7D-445A-A27F-9EA8EF43F18B}.Publish|ARM.ActiveCfg = Release|Any CPU
		{02120E6D-3E7D-445A-A27F-9EA8EF43F18B}.Publish|ARM.Build.0 = Release|Any CPU
		{02120E6D-3E7D-445A-A27F-9EA8EF43F18B}.Publish|x64.ActiveCfg = Release|Any CPU
		{02120E6D-3E7D-445A-A27F-9EA8EF43F18B}.Publish|x64.Build.0 = Release|Any CPU
		{02120E6D-3E7D-445A-A27F-9EA8EF43F18B}.Publish|x86.ActiveCfg = Release|Any CPU
		{02120E6D-3E7D-445A-A27F-9EA8EF43F18B}.Publish|x86.Build.0 = Release|Any CPU
		{02120E6D-3E7D-445A-A27F-9EA8EF43F18B}.Release (Anniversary Update)|Any CPU.ActiveCfg = Release|Any CPU
		{02120E6D-3E7D-445A-A27F-9EA8EF43F18B}.Release (Anniversary Update)|Any CPU.Build.0 = Release|Any CPU
		{02120E6D-3E7D-445A-A27F-9EA8EF43F18B}.Release (Anniversary Update)|ARM.ActiveCfg = Release|Any CPU
		{02120E6D-3E7D-445A-A27F-9EA8EF43F18B}.Release (Anniversary Update)|ARM.Build.0 = Release|Any CPU
		{02120E6D-3E7D-445A-A27F-9EA8EF43F18B}.Release (Anniversary Update)|x64.ActiveCfg = Release|Any CPU
		{02120E6D-3E7D-445A-A27F-9EA8EF43F18B}.Release (Anniversary Update)|x64.Build.0 = Release|Any CPU
		{02120E6D-3E7D-445A-A27F-9EA8EF43F18B}.Release (Anniversary Update)|x86.ActiveCfg = Release|Any CPU
		{02120E6D-3E7D-445A-A27F-9EA8EF43F18B}.Release (Anniversary Update)|x86.Build.0 = Release|Any CPU
		{02120E6D-3E7D-445A-A27F-9EA8EF43F18B}.Release (Version 1511)|Any CPU.ActiveCfg = Release|Any CPU
		{02120E6D-3E7D-445A-A27F-9EA8EF43F18B}.Release (Version 1511)|Any CPU.Build.0 = Release|Any CPU
		{02120E6D-3E7D-445A-A27F-9EA8EF43F18B}.Release (Version 1511)|ARM.ActiveCfg = Release|Any CPU
		{02120E6D-3E7D-445A-A27F-9EA8EF43F18B}.Release (Version 1511)|ARM.Build.0 = Release|Any CPU
		{02120E6D-3E7D-445A-A27F-9EA8EF43F18B}.Release (Version 1511)|x64.ActiveCfg = Release|Any CPU
		{02120E6D-3E7D-445A-A27F-9EA8EF43F18B}.Release (Version 1511)|x64.Build.0 = Release|Any CPU
		{02120E6D-3E7D-445A-A27F-9EA8EF43F18B}.Release (Version 1511)|x86.ActiveCfg = Release|Any CPU
		{02120E6D-3E7D-445A-A27F-9EA8EF43F18B}.Release (Version 1511)|x86.Build.0 = Release|Any CPU
		{02120E6D-3E7D-445A-A27F-9EA8EF43F18B}.Release|Any CPU.ActiveCfg = Release|Any CPU
		{02120E6D-3E7D-445A-A27F-9EA8EF43F18B}.Release|Any CPU.Build.0 = Release|Any CPU
		{02120E6D-3E7D-445A-A27F-9EA8EF43F18B}.Release|ARM.ActiveCfg = Release|Any CPU
		{02120E6D-3E7D-445A-A27F-9EA8EF43F18B}.Release|ARM.Build.0 = Release|Any CPU
		{02120E6D-3E7D-445A-A27F-9EA8EF43F18B}.Release|x64.ActiveCfg = Release|Any CPU
		{02120E6D-3E7D-445A-A27F-9EA8EF43F18B}.Release|x64.Build.0 = Release|Any CPU
		{02120E6D-3E7D-445A-A27F-9EA8EF43F18B}.Release|x86.ActiveCfg = Release|Any CPU
		{02120E6D-3E7D-445A-A27F-9EA8EF43F18B}.Release|x86.Build.0 = Release|Any CPU
		{159F1FC4-4759-4DB0-8695-FFD423302DB4}.Debug (Anniversary Update)|Any CPU.ActiveCfg = Debug|Any CPU
		{159F1FC4-4759-4DB0-8695-FFD423302DB4}.Debug (Anniversary Update)|Any CPU.Build.0 = Debug|Any CPU
		{159F1FC4-4759-4DB0-8695-FFD423302DB4}.Debug (Anniversary Update)|ARM.ActiveCfg = Debug|Any CPU
		{159F1FC4-4759-4DB0-8695-FFD423302DB4}.Debug (Anniversary Update)|ARM.Build.0 = Debug|Any CPU
		{159F1FC4-4759-4DB0-8695-FFD423302DB4}.Debug (Anniversary Update)|x64.ActiveCfg = Debug|Any CPU
		{159F1FC4-4759-4DB0-8695-FFD423302DB4}.Debug (Anniversary Update)|x64.Build.0 = Debug|Any CPU
		{159F1FC4-4759-4DB0-8695-FFD423302DB4}.Debug (Anniversary Update)|x86.ActiveCfg = Debug|Any CPU
		{159F1FC4-4759-4DB0-8695-FFD423302DB4}.Debug (Anniversary Update)|x86.Build.0 = Debug|Any CPU
		{159F1FC4-4759-4DB0-8695-FFD423302DB4}.Debug (Version 1511)|Any CPU.ActiveCfg = Debug|Any CPU
		{159F1FC4-4759-4DB0-8695-FFD423302DB4}.Debug (Version 1511)|Any CPU.Build.0 = Debug|Any CPU
		{159F1FC4-4759-4DB0-8695-FFD423302DB4}.Debug (Version 1511)|ARM.ActiveCfg = Debug|Any CPU
		{159F1FC4-4759-4DB0-8695-FFD423302DB4}.Debug (Version 1511)|ARM.Build.0 = Debug|Any CPU
		{159F1FC4-4759-4DB0-8695-FFD423302DB4}.Debug (Version 1511)|x64.ActiveCfg = Debug|Any CPU
		{159F1FC4-4759-4DB0-8695-FFD423302DB4}.Debug (Version 1511)|x64.Build.0 = Debug|Any CPU
		{159F1FC4-4759-4DB0-8695-FFD423302DB4}.Debug (Version 1511)|x86.ActiveCfg = Debug|Any CPU
		{159F1FC4-4759-4DB0-8695-FFD423302DB4}.Debug (Version 1511)|x86.Build.0 = Debug|Any CPU
		{159F1FC4-4759-4DB0-8695-FFD423302DB4}.Debug|Any CPU.ActiveCfg = Debug|Any CPU
		{159F1FC4-4759-4DB0-8695-FFD423302DB4}.Debug|Any CPU.Build.0 = Debug|Any CPU
		{159F1FC4-4759-4DB0-8695-FFD423302DB4}.Debug|ARM.ActiveCfg = Debug|Any CPU
		{159F1FC4-4759-4DB0-8695-FFD423302DB4}.Debug|ARM.Build.0 = Debug|Any CPU
		{159F1FC4-4759-4DB0-8695-FFD423302DB4}.Debug|x64.ActiveCfg = Debug|Any CPU
		{159F1FC4-4759-4DB0-8695-FFD423302DB4}.Debug|x64.Build.0 = Debug|Any CPU
		{159F1FC4-4759-4DB0-8695-FFD423302DB4}.Debug|x86.ActiveCfg = Debug|Any CPU
		{159F1FC4-4759-4DB0-8695-FFD423302DB4}.Debug|x86.Build.0 = Debug|Any CPU
		{159F1FC4-4759-4DB0-8695-FFD423302DB4}.Publish|Any CPU.ActiveCfg = Release|Any CPU
		{159F1FC4-4759-4DB0-8695-FFD423302DB4}.Publish|Any CPU.Build.0 = Release|Any CPU
		{159F1FC4-4759-4DB0-8695-FFD423302DB4}.Publish|ARM.ActiveCfg = Release|Any CPU
		{159F1FC4-4759-4DB0-8695-FFD423302DB4}.Publish|ARM.Build.0 = Release|Any CPU
		{159F1FC4-4759-4DB0-8695-FFD423302DB4}.Publish|x64.ActiveCfg = Release|Any CPU
		{159F1FC4-4759-4DB0-8695-FFD423302DB4}.Publish|x64.Build.0 = Release|Any CPU
		{159F1FC4-4759-4DB0-8695-FFD423302DB4}.Publish|x86.ActiveCfg = Release|Any CPU
		{159F1FC4-4759-4DB0-8695-FFD423302DB4}.Publish|x86.Build.0 = Release|Any CPU
		{159F1FC4-4759-4DB0-8695-FFD423302DB4}.Release (Anniversary Update)|Any CPU.ActiveCfg = Release|Any CPU
		{159F1FC4-4759-4DB0-8695-FFD423302DB4}.Release (Anniversary Update)|Any CPU.Build.0 = Release|Any CPU
		{159F1FC4-4759-4DB0-8695-FFD423302DB4}.Release (Anniversary Update)|ARM.ActiveCfg = Release|Any CPU
		{159F1FC4-4759-4DB0-8695-FFD423302DB4}.Release (Anniversary Update)|ARM.Build.0 = Release|Any CPU
		{159F1FC4-4759-4DB0-8695-FFD423302DB4}.Release (Anniversary Update)|x64.ActiveCfg = Release|Any CPU
		{159F1FC4-4759-4DB0-8695-FFD423302DB4}.Release (Anniversary Update)|x64.Build.0 = Release|Any CPU
		{159F1FC4-4759-4DB0-8695-FFD423302DB4}.Release (Anniversary Update)|x86.ActiveCfg = Release|Any CPU
		{159F1FC4-4759-4DB0-8695-FFD423302DB4}.Release (Anniversary Update)|x86.Build.0 = Release|Any CPU
		{159F1FC4-4759-4DB0-8695-FFD423302DB4}.Release (Version 1511)|Any CPU.ActiveCfg = Release|Any CPU
		{159F1FC4-4759-4DB0-8695-FFD423302DB4}.Release (Version 1511)|Any CPU.Build.0 = Release|Any CPU
		{159F1FC4-4759-4DB0-8695-FFD423302DB4}.Release (Version 1511)|ARM.ActiveCfg = Release|Any CPU
		{159F1FC4-4759-4DB0-8695-FFD423302DB4}.Release (Version 1511)|ARM.Build.0 = Release|Any CPU
		{159F1FC4-4759-4DB0-8695-FFD423302DB4}.Release (Version 1511)|x64.ActiveCfg = Release|Any CPU
		{159F1FC4-4759-4DB0-8695-FFD423302DB4}.Release (Version 1511)|x64.Build.0 = Release|Any CPU
		{159F1FC4-4759-4DB0-8695-FFD423302DB4}.Release (Version 1511)|x86.ActiveCfg = Release|Any CPU
		{159F1FC4-4759-4DB0-8695-FFD423302DB4}.Release (Version 1511)|x86.Build.0 = Release|Any CPU
		{159F1FC4-4759-4DB0-8695-FFD423302DB4}.Release|Any CPU.ActiveCfg = Release|Any CPU
		{159F1FC4-4759-4DB0-8695-FFD423302DB4}.Release|Any CPU.Build.0 = Release|Any CPU
		{159F1FC4-4759-4DB0-8695-FFD423302DB4}.Release|ARM.ActiveCfg = Release|Any CPU
		{159F1FC4-4759-4DB0-8695-FFD423302DB4}.Release|ARM.Build.0 = Release|Any CPU
		{159F1FC4-4759-4DB0-8695-FFD423302DB4}.Release|x64.ActiveCfg = Release|Any CPU
		{159F1FC4-4759-4DB0-8695-FFD423302DB4}.Release|x64.Build.0 = Release|Any CPU
		{159F1FC4-4759-4DB0-8695-FFD423302DB4}.Release|x86.ActiveCfg = Release|Any CPU
		{159F1FC4-4759-4DB0-8695-FFD423302DB4}.Release|x86.Build.0 = Release|Any CPU
		{302E3909-04AF-4064-A533-6FAA5E6593CF}.Debug (Anniversary Update)|Any CPU.ActiveCfg = Debug|Any CPU
		{302E3909-04AF-4064-A533-6FAA5E6593CF}.Debug (Anniversary Update)|Any CPU.Build.0 = Debug|Any CPU
		{302E3909-04AF-4064-A533-6FAA5E6593CF}.Debug (Anniversary Update)|ARM.ActiveCfg = Debug|Any CPU
		{302E3909-04AF-4064-A533-6FAA5E6593CF}.Debug (Anniversary Update)|ARM.Build.0 = Debug|Any CPU
		{302E3909-04AF-4064-A533-6FAA5E6593CF}.Debug (Anniversary Update)|x64.ActiveCfg = Debug|Any CPU
		{302E3909-04AF-4064-A533-6FAA5E6593CF}.Debug (Anniversary Update)|x64.Build.0 = Debug|Any CPU
		{302E3909-04AF-4064-A533-6FAA5E6593CF}.Debug (Anniversary Update)|x86.ActiveCfg = Debug|Any CPU
		{302E3909-04AF-4064-A533-6FAA5E6593CF}.Debug (Anniversary Update)|x86.Build.0 = Debug|Any CPU
		{302E3909-04AF-4064-A533-6FAA5E6593CF}.Debug (Version 1511)|Any CPU.ActiveCfg = Debug|Any CPU
		{302E3909-04AF-4064-A533-6FAA5E6593CF}.Debug (Version 1511)|Any CPU.Build.0 = Debug|Any CPU
		{302E3909-04AF-4064-A533-6FAA5E6593CF}.Debug (Version 1511)|ARM.ActiveCfg = Debug|Any CPU
		{302E3909-04AF-4064-A533-6FAA5E6593CF}.Debug (Version 1511)|ARM.Build.0 = Debug|Any CPU
		{302E3909-04AF-4064-A533-6FAA5E6593CF}.Debug (Version 1511)|x64.ActiveCfg = Debug|Any CPU
		{302E3909-04AF-4064-A533-6FAA5E6593CF}.Debug (Version 1511)|x64.Build.0 = Debug|Any CPU
		{302E3909-04AF-4064-A533-6FAA5E6593CF}.Debug (Version 1511)|x86.ActiveCfg = Debug|Any CPU
		{302E3909-04AF-4064-A533-6FAA5E6593CF}.Debug (Version 1511)|x86.Build.0 = Debug|Any CPU
		{302E3909-04AF-4064-A533-6FAA5E6593CF}.Debug|Any CPU.ActiveCfg = Debug|Any CPU
		{302E3909-04AF-4064-A533-6FAA5E6593CF}.Debug|Any CPU.Build.0 = Debug|Any CPU
		{302E3909-04AF-4064-A533-6FAA5E6593CF}.Debug|ARM.ActiveCfg = Debug|Any CPU
		{302E3909-04AF-4064-A533-6FAA5E6593CF}.Debug|ARM.Build.0 = Debug|Any CPU
		{302E3909-04AF-4064-A533-6FAA5E6593CF}.Debug|x64.ActiveCfg = Debug|Any CPU
		{302E3909-04AF-4064-A533-6FAA5E6593CF}.Debug|x64.Build.0 = Debug|Any CPU
		{302E3909-04AF-4064-A533-6FAA5E6593CF}.Debug|x86.ActiveCfg = Debug|Any CPU
		{302E3909-04AF-4064-A533-6FAA5E6593CF}.Debug|x86.Build.0 = Debug|Any CPU
		{302E3909-04AF-4064-A533-6FAA5E6593CF}.Publish|Any CPU.ActiveCfg = Release|Any CPU
		{302E3909-04AF-4064-A533-6FAA5E6593CF}.Publish|Any CPU.Build.0 = Release|Any CPU
		{302E3909-04AF-4064-A533-6FAA5E6593CF}.Publish|ARM.ActiveCfg = Release|Any CPU
		{302E3909-04AF-4064-A533-6FAA5E6593CF}.Publish|ARM.Build.0 = Release|Any CPU
		{302E3909-04AF-4064-A533-6FAA5E6593CF}.Publish|x64.ActiveCfg = Release|Any CPU
		{302E3909-04AF-4064-A533-6FAA5E6593CF}.Publish|x64.Build.0 = Release|Any CPU
		{302E3909-04AF-4064-A533-6FAA5E6593CF}.Publish|x86.ActiveCfg = Release|Any CPU
		{302E3909-04AF-4064-A533-6FAA5E6593CF}.Publish|x86.Build.0 = Release|Any CPU
		{302E3909-04AF-4064-A533-6FAA5E6593CF}.Release (Anniversary Update)|Any CPU.ActiveCfg = Release|Any CPU
		{302E3909-04AF-4064-A533-6FAA5E6593CF}.Release (Anniversary Update)|Any CPU.Build.0 = Release|Any CPU
		{302E3909-04AF-4064-A533-6FAA5E6593CF}.Release (Anniversary Update)|ARM.ActiveCfg = Release|Any CPU
		{302E3909-04AF-4064-A533-6FAA5E6593CF}.Release (Anniversary Update)|ARM.Build.0 = Release|Any CPU
		{302E3909-04AF-4064-A533-6FAA5E6593CF}.Release (Anniversary Update)|x64.ActiveCfg = Release|Any CPU
		{302E3909-04AF-4064-A533-6FAA5E6593CF}.Release (Anniversary Update)|x64.Build.0 = Release|Any CPU
		{302E3909-04AF-4064-A533-6FAA5E6593CF}.Release (Anniversary Update)|x86.ActiveCfg = Release|Any CPU
		{302E3909-04AF-4064-A533-6FAA5E6593CF}.Release (Anniversary Update)|x86.Build.0 = Release|Any CPU
		{302E3909-04AF-4064-A533-6FAA5E6593CF}.Release (Version 1511)|Any CPU.ActiveCfg = Release|Any CPU
		{302E3909-04AF-4064-A533-6FAA5E6593CF}.Release (Version 1511)|Any CPU.Build.0 = Release|Any CPU
		{302E3909-04AF-4064-A533-6FAA5E6593CF}.Release (Version 1511)|ARM.ActiveCfg = Release|Any CPU
		{302E3909-04AF-4064-A533-6FAA5E6593CF}.Release (Version 1511)|ARM.Build.0 = Release|Any CPU
		{302E3909-04AF-4064-A533-6FAA5E6593CF}.Release (Version 1511)|x64.ActiveCfg = Release|Any CPU
		{302E3909-04AF-4064-A533-6FAA5E6593CF}.Release (Version 1511)|x64.Build.0 = Release|Any CPU
		{302E3909-04AF-4064-A533-6FAA5E6593CF}.Release (Version 1511)|x86.ActiveCfg = Release|Any CPU
		{302E3909-04AF-4064-A533-6FAA5E6593CF}.Release (Version 1511)|x86.Build.0 = Release|Any CPU
		{302E3909-04AF-4064-A533-6FAA5E6593CF}.Release|Any CPU.ActiveCfg = Release|Any CPU
		{302E3909-04AF-4064-A533-6FAA5E6593CF}.Release|Any CPU.Build.0 = Release|Any CPU
		{302E3909-04AF-4064-A533-6FAA5E6593CF}.Release|ARM.ActiveCfg = Release|Any CPU
		{302E3909-04AF-4064-A533-6FAA5E6593CF}.Release|ARM.Build.0 = Release|Any CPU
		{302E3909-04AF-4064-A533-6FAA5E6593CF}.Release|x64.ActiveCfg = Release|Any CPU
		{302E3909-04AF-4064-A533-6FAA5E6593CF}.Release|x64.Build.0 = Release|Any CPU
		{302E3909-04AF-4064-A533-6FAA5E6593CF}.Release|x86.ActiveCfg = Release|Any CPU
		{302E3909-04AF-4064-A533-6FAA5E6593CF}.Release|x86.Build.0 = Release|Any CPU
		{55C7FA03-C3B0-4AA0-BE48-3FA435EE37C1}.Debug (Anniversary Update)|Any CPU.ActiveCfg = Debug|Any CPU
		{55C7FA03-C3B0-4AA0-BE48-3FA435EE37C1}.Debug (Anniversary Update)|Any CPU.Build.0 = Debug|Any CPU
		{55C7FA03-C3B0-4AA0-BE48-3FA435EE37C1}.Debug (Anniversary Update)|ARM.ActiveCfg = Debug|Any CPU
		{55C7FA03-C3B0-4AA0-BE48-3FA435EE37C1}.Debug (Anniversary Update)|ARM.Build.0 = Debug|Any CPU
		{55C7FA03-C3B0-4AA0-BE48-3FA435EE37C1}.Debug (Anniversary Update)|x64.ActiveCfg = Debug|Any CPU
		{55C7FA03-C3B0-4AA0-BE48-3FA435EE37C1}.Debug (Anniversary Update)|x64.Build.0 = Debug|Any CPU
		{55C7FA03-C3B0-4AA0-BE48-3FA435EE37C1}.Debug (Anniversary Update)|x86.ActiveCfg = Debug|Any CPU
		{55C7FA03-C3B0-4AA0-BE48-3FA435EE37C1}.Debug (Anniversary Update)|x86.Build.0 = Debug|Any CPU
		{55C7FA03-C3B0-4AA0-BE48-3FA435EE37C1}.Debug (Version 1511)|Any CPU.ActiveCfg = Debug|Any CPU
		{55C7FA03-C3B0-4AA0-BE48-3FA435EE37C1}.Debug (Version 1511)|Any CPU.Build.0 = Debug|Any CPU
		{55C7FA03-C3B0-4AA0-BE48-3FA435EE37C1}.Debug (Version 1511)|ARM.ActiveCfg = Debug|Any CPU
		{55C7FA03-C3B0-4AA0-BE48-3FA435EE37C1}.Debug (Version 1511)|ARM.Build.0 = Debug|Any CPU
		{55C7FA03-C3B0-4AA0-BE48-3FA435EE37C1}.Debug (Version 1511)|x64.ActiveCfg = Debug|Any CPU
		{55C7FA03-C3B0-4AA0-BE48-3FA435EE37C1}.Debug (Version 1511)|x64.Build.0 = Debug|Any CPU
		{55C7FA03-C3B0-4AA0-BE48-3FA435EE37C1}.Debug (Version 1511)|x86.ActiveCfg = Debug|Any CPU
		{55C7FA03-C3B0-4AA0-BE48-3FA435EE37C1}.Debug (Version 1511)|x86.Build.0 = Debug|Any CPU
		{55C7FA03-C3B0-4AA0-BE48-3FA435EE37C1}.Debug|Any CPU.ActiveCfg = Debug|Any CPU
		{55C7FA03-C3B0-4AA0-BE48-3FA435EE37C1}.Debug|Any CPU.Build.0 = Debug|Any CPU
		{55C7FA03-C3B0-4AA0-BE48-3FA435EE37C1}.Debug|ARM.ActiveCfg = Debug|Any CPU
		{55C7FA03-C3B0-4AA0-BE48-3FA435EE37C1}.Debug|ARM.Build.0 = Debug|Any CPU
		{55C7FA03-C3B0-4AA0-BE48-3FA435EE37C1}.Debug|x64.ActiveCfg = Debug|Any CPU
		{55C7FA03-C3B0-4AA0-BE48-3FA435EE37C1}.Debug|x64.Build.0 = Debug|Any CPU
		{55C7FA03-C3B0-4AA0-BE48-3FA435EE37C1}.Debug|x86.ActiveCfg = Debug|Any CPU
		{55C7FA03-C3B0-4AA0-BE48-3FA435EE37C1}.Debug|x86.Build.0 = Debug|Any CPU
		{55C7FA03-C3B0-4AA0-BE48-3FA435EE37C1}.Publish|Any CPU.ActiveCfg = Release|Any CPU
		{55C7FA03-C3B0-4AA0-BE48-3FA435EE37C1}.Publish|Any CPU.Build.0 = Release|Any CPU
		{55C7FA03-C3B0-4AA0-BE48-3FA435EE37C1}.Publish|ARM.ActiveCfg = Release|Any CPU
		{55C7FA03-C3B0-4AA0-BE48-3FA435EE37C1}.Publish|ARM.Build.0 = Release|Any CPU
		{55C7FA03-C3B0-4AA0-BE48-3FA435EE37C1}.Publish|x64.ActiveCfg = Release|Any CPU
		{55C7FA03-C3B0-4AA0-BE48-3FA435EE37C1}.Publish|x64.Build.0 = Release|Any CPU
		{55C7FA03-C3B0-4AA0-BE48-3FA435EE37C1}.Publish|x86.ActiveCfg = Release|Any CPU
		{55C7FA03-C3B0-4AA0-BE48-3FA435EE37C1}.Publish|x86.Build.0 = Release|Any CPU
		{55C7FA03-C3B0-4AA0-BE48-3FA435EE37C1}.Release (Anniversary Update)|Any CPU.ActiveCfg = Release|Any CPU
		{55C7FA03-C3B0-4AA0-BE48-3FA435EE37C1}.Release (Anniversary Update)|Any CPU.Build.0 = Release|Any CPU
		{55C7FA03-C3B0-4AA0-BE48-3FA435EE37C1}.Release (Anniversary Update)|ARM.ActiveCfg = Release|Any CPU
		{55C7FA03-C3B0-4AA0-BE48-3FA435EE37C1}.Release (Anniversary Update)|ARM.Build.0 = Release|Any CPU
		{55C7FA03-C3B0-4AA0-BE48-3FA435EE37C1}.Release (Anniversary Update)|x64.ActiveCfg = Release|Any CPU
		{55C7FA03-C3B0-4AA0-BE48-3FA435EE37C1}.Release (Anniversary Update)|x64.Build.0 = Release|Any CPU
		{55C7FA03-C3B0-4AA0-BE48-3FA435EE37C1}.Release (Anniversary Update)|x86.ActiveCfg = Release|Any CPU
		{55C7FA03-C3B0-4AA0-BE48-3FA435EE37C1}.Release (Anniversary Update)|x86.Build.0 = Release|Any CPU
		{55C7FA03-C3B0-4AA0-BE48-3FA435EE37C1}.Release (Version 1511)|Any CPU.ActiveCfg = Release|Any CPU
		{55C7FA03-C3B0-4AA0-BE48-3FA435EE37C1}.Release (Version 1511)|Any CPU.Build.0 = Release|Any CPU
		{55C7FA03-C3B0-4AA0-BE48-3FA435EE37C1}.Release (Version 1511)|ARM.ActiveCfg = Release|Any CPU
		{55C7FA03-C3B0-4AA0-BE48-3FA435EE37C1}.Release (Version 1511)|ARM.Build.0 = Release|Any CPU
		{55C7FA03-C3B0-4AA0-BE48-3FA435EE37C1}.Release (Version 1511)|x64.ActiveCfg = Release|Any CPU
		{55C7FA03-C3B0-4AA0-BE48-3FA435EE37C1}.Release (Version 1511)|x64.Build.0 = Release|Any CPU
		{55C7FA03-C3B0-4AA0-BE48-3FA435EE37C1}.Release (Version 1511)|x86.ActiveCfg = Release|Any CPU
		{55C7FA03-C3B0-4AA0-BE48-3FA435EE37C1}.Release (Version 1511)|x86.Build.0 = Release|Any CPU
		{55C7FA03-C3B0-4AA0-BE48-3FA435EE37C1}.Release|Any CPU.ActiveCfg = Release|Any CPU
		{55C7FA03-C3B0-4AA0-BE48-3FA435EE37C1}.Release|Any CPU.Build.0 = Release|Any CPU
		{55C7FA03-C3B0-4AA0-BE48-3FA435EE37C1}.Release|ARM.ActiveCfg = Release|Any CPU
		{55C7FA03-C3B0-4AA0-BE48-3FA435EE37C1}.Release|ARM.Build.0 = Release|Any CPU
		{55C7FA03-C3B0-4AA0-BE48-3FA435EE37C1}.Release|x64.ActiveCfg = Release|Any CPU
		{55C7FA03-C3B0-4AA0-BE48-3FA435EE37C1}.Release|x64.Build.0 = Release|Any CPU
		{55C7FA03-C3B0-4AA0-BE48-3FA435EE37C1}.Release|x86.ActiveCfg = Release|Any CPU
		{55C7FA03-C3B0-4AA0-BE48-3FA435EE37C1}.Release|x86.Build.0 = Release|Any CPU
		{772BF105-4384-4701-A398-8756CB5BA908}.Debug (Anniversary Update)|Any CPU.ActiveCfg = Release|x86
		{772BF105-4384-4701-A398-8756CB5BA908}.Debug (Anniversary Update)|Any CPU.Build.0 = Release|x86
		{772BF105-4384-4701-A398-8756CB5BA908}.Debug (Anniversary Update)|Any CPU.Deploy.0 = Release|x86
		{772BF105-4384-4701-A398-8756CB5BA908}.Debug (Anniversary Update)|ARM.ActiveCfg = Debug|ARM
		{772BF105-4384-4701-A398-8756CB5BA908}.Debug (Anniversary Update)|ARM.Build.0 = Debug|ARM
		{772BF105-4384-4701-A398-8756CB5BA908}.Debug (Anniversary Update)|ARM.Deploy.0 = Debug|ARM
		{772BF105-4384-4701-A398-8756CB5BA908}.Debug (Anniversary Update)|x64.ActiveCfg = Debug|x64
		{772BF105-4384-4701-A398-8756CB5BA908}.Debug (Anniversary Update)|x64.Build.0 = Debug|x64
		{772BF105-4384-4701-A398-8756CB5BA908}.Debug (Anniversary Update)|x64.Deploy.0 = Debug|x64
		{772BF105-4384-4701-A398-8756CB5BA908}.Debug (Anniversary Update)|x86.ActiveCfg = Debug|x86
		{772BF105-4384-4701-A398-8756CB5BA908}.Debug (Anniversary Update)|x86.Build.0 = Debug|x86
		{772BF105-4384-4701-A398-8756CB5BA908}.Debug (Anniversary Update)|x86.Deploy.0 = Debug|x86
		{772BF105-4384-4701-A398-8756CB5BA908}.Debug (Version 1511)|Any CPU.ActiveCfg = Release|x86
		{772BF105-4384-4701-A398-8756CB5BA908}.Debug (Version 1511)|Any CPU.Build.0 = Release|x86
		{772BF105-4384-4701-A398-8756CB5BA908}.Debug (Version 1511)|Any CPU.Deploy.0 = Release|x86
		{772BF105-4384-4701-A398-8756CB5BA908}.Debug (Version 1511)|ARM.ActiveCfg = Debug|ARM
		{772BF105-4384-4701-A398-8756CB5BA908}.Debug (Version 1511)|ARM.Build.0 = Debug|ARM
		{772BF105-4384-4701-A398-8756CB5BA908}.Debug (Version 1511)|ARM.Deploy.0 = Debug|ARM
		{772BF105-4384-4701-A398-8756CB5BA908}.Debug (Version 1511)|x64.ActiveCfg = Debug|x64
		{772BF105-4384-4701-A398-8756CB5BA908}.Debug (Version 1511)|x64.Build.0 = Debug|x64
		{772BF105-4384-4701-A398-8756CB5BA908}.Debug (Version 1511)|x64.Deploy.0 = Debug|x64
		{772BF105-4384-4701-A398-8756CB5BA908}.Debug (Version 1511)|x86.ActiveCfg = Debug|x86
		{772BF105-4384-4701-A398-8756CB5BA908}.Debug (Version 1511)|x86.Build.0 = Debug|x86
		{772BF105-4384-4701-A398-8756CB5BA908}.Debug (Version 1511)|x86.Deploy.0 = Debug|x86
		{772BF105-4384-4701-A398-8756CB5BA908}.Debug|Any CPU.ActiveCfg = Debug|x86
		{772BF105-4384-4701-A398-8756CB5BA908}.Debug|ARM.ActiveCfg = Debug|ARM
		{772BF105-4384-4701-A398-8756CB5BA908}.Debug|ARM.Build.0 = Debug|ARM
		{772BF105-4384-4701-A398-8756CB5BA908}.Debug|ARM.Deploy.0 = Debug|ARM
		{772BF105-4384-4701-A398-8756CB5BA908}.Debug|x64.ActiveCfg = Debug|x64
		{772BF105-4384-4701-A398-8756CB5BA908}.Debug|x64.Build.0 = Debug|x64
		{772BF105-4384-4701-A398-8756CB5BA908}.Debug|x64.Deploy.0 = Debug|x64
		{772BF105-4384-4701-A398-8756CB5BA908}.Debug|x86.ActiveCfg = Debug|x86
		{772BF105-4384-4701-A398-8756CB5BA908}.Debug|x86.Build.0 = Debug|x86
		{772BF105-4384-4701-A398-8756CB5BA908}.Debug|x86.Deploy.0 = Debug|x86
		{772BF105-4384-4701-A398-8756CB5BA908}.Publish|Any CPU.ActiveCfg = Release|x86
		{772BF105-4384-4701-A398-8756CB5BA908}.Publish|Any CPU.Build.0 = Release|x86
		{772BF105-4384-4701-A398-8756CB5BA908}.Publish|Any CPU.Deploy.0 = Release|x86
		{772BF105-4384-4701-A398-8756CB5BA908}.Publish|ARM.ActiveCfg = Release|ARM
		{772BF105-4384-4701-A398-8756CB5BA908}.Publish|ARM.Build.0 = Release|ARM
		{772BF105-4384-4701-A398-8756CB5BA908}.Publish|ARM.Deploy.0 = Release|ARM
		{772BF105-4384-4701-A398-8756CB5BA908}.Publish|x64.ActiveCfg = Release|x64
		{772BF105-4384-4701-A398-8756CB5BA908}.Publish|x64.Build.0 = Release|x64
		{772BF105-4384-4701-A398-8756CB5BA908}.Publish|x64.Deploy.0 = Release|x64
		{772BF105-4384-4701-A398-8756CB5BA908}.Publish|x86.ActiveCfg = Release|x86
		{772BF105-4384-4701-A398-8756CB5BA908}.Publish|x86.Build.0 = Release|x86
		{772BF105-4384-4701-A398-8756CB5BA908}.Publish|x86.Deploy.0 = Release|x86
		{772BF105-4384-4701-A398-8756CB5BA908}.Release (Anniversary Update)|Any CPU.ActiveCfg = Release|x86
		{772BF105-4384-4701-A398-8756CB5BA908}.Release (Anniversary Update)|Any CPU.Build.0 = Release|x86
		{772BF105-4384-4701-A398-8756CB5BA908}.Release (Anniversary Update)|Any CPU.Deploy.0 = Release|x86
		{772BF105-4384-4701-A398-8756CB5BA908}.Release (Anniversary Update)|ARM.ActiveCfg = Release|ARM
		{772BF105-4384-4701-A398-8756CB5BA908}.Release (Anniversary Update)|ARM.Build.0 = Release|ARM
		{772BF105-4384-4701-A398-8756CB5BA908}.Release (Anniversary Update)|ARM.Deploy.0 = Release|ARM
		{772BF105-4384-4701-A398-8756CB5BA908}.Release (Anniversary Update)|x64.ActiveCfg = Release|x64
		{772BF105-4384-4701-A398-8756CB5BA908}.Release (Anniversary Update)|x64.Build.0 = Release|x64
		{772BF105-4384-4701-A398-8756CB5BA908}.Release (Anniversary Update)|x64.Deploy.0 = Release|x64
		{772BF105-4384-4701-A398-8756CB5BA908}.Release (Anniversary Update)|x86.ActiveCfg = Release|x86
		{772BF105-4384-4701-A398-8756CB5BA908}.Release (Anniversary Update)|x86.Build.0 = Release|x86
		{772BF105-4384-4701-A398-8756CB5BA908}.Release (Anniversary Update)|x86.Deploy.0 = Release|x86
		{772BF105-4384-4701-A398-8756CB5BA908}.Release (Version 1511)|Any CPU.ActiveCfg = Release|x86
		{772BF105-4384-4701-A398-8756CB5BA908}.Release (Version 1511)|Any CPU.Build.0 = Release|x86
		{772BF105-4384-4701-A398-8756CB5BA908}.Release (Version 1511)|Any CPU.Deploy.0 = Release|x86
		{772BF105-4384-4701-A398-8756CB5BA908}.Release (Version 1511)|ARM.ActiveCfg = Release|ARM
		{772BF105-4384-4701-A398-8756CB5BA908}.Release (Version 1511)|ARM.Build.0 = Release|ARM
		{772BF105-4384-4701-A398-8756CB5BA908}.Release (Version 1511)|ARM.Deploy.0 = Release|ARM
		{772BF105-4384-4701-A398-8756CB5BA908}.Release (Version 1511)|x64.ActiveCfg = Release|x64
		{772BF105-4384-4701-A398-8756CB5BA908}.Release (Version 1511)|x64.Build.0 = Release|x64
		{772BF105-4384-4701-A398-8756CB5BA908}.Release (Version 1511)|x64.Deploy.0 = Release|x64
		{772BF105-4384-4701-A398-8756CB5BA908}.Release (Version 1511)|x86.ActiveCfg = Release|x86
		{772BF105-4384-4701-A398-8756CB5BA908}.Release (Version 1511)|x86.Build.0 = Release|x86
		{772BF105-4384-4701-A398-8756CB5BA908}.Release (Version 1511)|x86.Deploy.0 = Release|x86
		{772BF105-4384-4701-A398-8756CB5BA908}.Release|Any CPU.ActiveCfg = Release|x86
		{772BF105-4384-4701-A398-8756CB5BA908}.Release|ARM.ActiveCfg = Release|ARM
		{772BF105-4384-4701-A398-8756CB5BA908}.Release|ARM.Build.0 = Release|ARM
		{772BF105-4384-4701-A398-8756CB5BA908}.Release|ARM.Deploy.0 = Release|ARM
		{772BF105-4384-4701-A398-8756CB5BA908}.Release|x64.ActiveCfg = Release|x64
		{772BF105-4384-4701-A398-8756CB5BA908}.Release|x64.Build.0 = Release|x64
		{772BF105-4384-4701-A398-8756CB5BA908}.Release|x64.Deploy.0 = Release|x64
		{772BF105-4384-4701-A398-8756CB5BA908}.Release|x86.ActiveCfg = Release|x86
		{772BF105-4384-4701-A398-8756CB5BA908}.Release|x86.Build.0 = Release|x86
		{772BF105-4384-4701-A398-8756CB5BA908}.Release|x86.Deploy.0 = Release|x86
		{01A37488-B1A9-40D0-BCD9-3A5ED692F127}.Debug (Anniversary Update)|Any CPU.ActiveCfg = Debug|x86
		{01A37488-B1A9-40D0-BCD9-3A5ED692F127}.Debug (Anniversary Update)|Any CPU.Build.0 = Debug|x86
		{01A37488-B1A9-40D0-BCD9-3A5ED692F127}.Debug (Anniversary Update)|ARM.ActiveCfg = Debug|ARM
		{01A37488-B1A9-40D0-BCD9-3A5ED692F127}.Debug (Anniversary Update)|ARM.Build.0 = Debug|ARM
		{01A37488-B1A9-40D0-BCD9-3A5ED692F127}.Debug (Anniversary Update)|x64.ActiveCfg = Debug|x64
		{01A37488-B1A9-40D0-BCD9-3A5ED692F127}.Debug (Anniversary Update)|x64.Build.0 = Debug|x64
		{01A37488-B1A9-40D0-BCD9-3A5ED692F127}.Debug (Anniversary Update)|x86.ActiveCfg = Debug|x86
		{01A37488-B1A9-40D0-BCD9-3A5ED692F127}.Debug (Anniversary Update)|x86.Build.0 = Debug|x86
		{01A37488-B1A9-40D0-BCD9-3A5ED692F127}.Debug (Version 1511)|Any CPU.ActiveCfg = Debug|Any CPU
		{01A37488-B1A9-40D0-BCD9-3A5ED692F127}.Debug (Version 1511)|Any CPU.Build.0 = Debug|Any CPU
		{01A37488-B1A9-40D0-BCD9-3A5ED692F127}.Debug (Version 1511)|ARM.ActiveCfg = Debug|ARM
		{01A37488-B1A9-40D0-BCD9-3A5ED692F127}.Debug (Version 1511)|ARM.Build.0 = Debug|ARM
		{01A37488-B1A9-40D0-BCD9-3A5ED692F127}.Debug (Version 1511)|x64.ActiveCfg = Debug|x64
		{01A37488-B1A9-40D0-BCD9-3A5ED692F127}.Debug (Version 1511)|x64.Build.0 = Debug|x64
		{01A37488-B1A9-40D0-BCD9-3A5ED692F127}.Debug (Version 1511)|x86.ActiveCfg = Debug|x86
		{01A37488-B1A9-40D0-BCD9-3A5ED692F127}.Debug (Version 1511)|x86.Build.0 = Debug|x86
		{01A37488-B1A9-40D0-BCD9-3A5ED692F127}.Debug|Any CPU.ActiveCfg = Debug|Any CPU
		{01A37488-B1A9-40D0-BCD9-3A5ED692F127}.Debug|ARM.ActiveCfg = Debug|ARM
		{01A37488-B1A9-40D0-BCD9-3A5ED692F127}.Debug|ARM.Build.0 = Debug|ARM
		{01A37488-B1A9-40D0-BCD9-3A5ED692F127}.Debug|x64.ActiveCfg = Debug|x64
		{01A37488-B1A9-40D0-BCD9-3A5ED692F127}.Debug|x64.Build.0 = Debug|x64
		{01A37488-B1A9-40D0-BCD9-3A5ED692F127}.Debug|x86.ActiveCfg = Debug|x86
		{01A37488-B1A9-40D0-BCD9-3A5ED692F127}.Debug|x86.Build.0 = Debug|x86
		{01A37488-B1A9-40D0-BCD9-3A5ED692F127}.Publish|Any CPU.ActiveCfg = Release|Any CPU
		{01A37488-B1A9-40D0-BCD9-3A5ED692F127}.Publish|Any CPU.Build.0 = Release|Any CPU
		{01A37488-B1A9-40D0-BCD9-3A5ED692F127}.Publish|ARM.ActiveCfg = Release|ARM
		{01A37488-B1A9-40D0-BCD9-3A5ED692F127}.Publish|ARM.Build.0 = Release|ARM
		{01A37488-B1A9-40D0-BCD9-3A5ED692F127}.Publish|x64.ActiveCfg = Release|x64
		{01A37488-B1A9-40D0-BCD9-3A5ED692F127}.Publish|x64.Build.0 = Release|x64
		{01A37488-B1A9-40D0-BCD9-3A5ED692F127}.Publish|x86.ActiveCfg = Release|x86
		{01A37488-B1A9-40D0-BCD9-3A5ED692F127}.Publish|x86.Build.0 = Release|x86
		{01A37488-B1A9-40D0-BCD9-3A5ED692F127}.Release (Anniversary Update)|Any CPU.ActiveCfg = Release|Any CPU
		{01A37488-B1A9-40D0-BCD9-3A5ED692F127}.Release (Anniversary Update)|Any CPU.Build.0 = Release|Any CPU
		{01A37488-B1A9-40D0-BCD9-3A5ED692F127}.Release (Anniversary Update)|ARM.ActiveCfg = Release|ARM
		{01A37488-B1A9-40D0-BCD9-3A5ED692F127}.Release (Anniversary Update)|ARM.Build.0 = Release|ARM
		{01A37488-B1A9-40D0-BCD9-3A5ED692F127}.Release (Anniversary Update)|x64.ActiveCfg = Release|x64
		{01A37488-B1A9-40D0-BCD9-3A5ED692F127}.Release (Anniversary Update)|x64.Build.0 = Release|x64
		{01A37488-B1A9-40D0-BCD9-3A5ED692F127}.Release (Anniversary Update)|x86.ActiveCfg = Release|x86
		{01A37488-B1A9-40D0-BCD9-3A5ED692F127}.Release (Anniversary Update)|x86.Build.0 = Release|x86
		{01A37488-B1A9-40D0-BCD9-3A5ED692F127}.Release (Version 1511)|Any CPU.ActiveCfg = Release|Any CPU
		{01A37488-B1A9-40D0-BCD9-3A5ED692F127}.Release (Version 1511)|Any CPU.Build.0 = Release|Any CPU
		{01A37488-B1A9-40D0-BCD9-3A5ED692F127}.Release (Version 1511)|ARM.ActiveCfg = Release|ARM
		{01A37488-B1A9-40D0-BCD9-3A5ED692F127}.Release (Version 1511)|ARM.Build.0 = Release|ARM
		{01A37488-B1A9-40D0-BCD9-3A5ED692F127}.Release (Version 1511)|x64.ActiveCfg = Release|x64
		{01A37488-B1A9-40D0-BCD9-3A5ED692F127}.Release (Version 1511)|x64.Build.0 = Release|x64
		{01A37488-B1A9-40D0-BCD9-3A5ED692F127}.Release (Version 1511)|x86.ActiveCfg = Release|x86
		{01A37488-B1A9-40D0-BCD9-3A5ED692F127}.Release (Version 1511)|x86.Build.0 = Release|x86
		{01A37488-B1A9-40D0-BCD9-3A5ED692F127}.Release|Any CPU.ActiveCfg = Release|Any CPU
		{01A37488-B1A9-40D0-BCD9-3A5ED692F127}.Release|Any CPU.Build.0 = Release|Any CPU
		{01A37488-B1A9-40D0-BCD9-3A5ED692F127}.Release|ARM.ActiveCfg = Release|ARM
		{01A37488-B1A9-40D0-BCD9-3A5ED692F127}.Release|ARM.Build.0 = Release|ARM
		{01A37488-B1A9-40D0-BCD9-3A5ED692F127}.Release|x64.ActiveCfg = Release|x64
		{01A37488-B1A9-40D0-BCD9-3A5ED692F127}.Release|x64.Build.0 = Release|x64
		{01A37488-B1A9-40D0-BCD9-3A5ED692F127}.Release|x86.ActiveCfg = Release|x86
		{01A37488-B1A9-40D0-BCD9-3A5ED692F127}.Release|x86.Build.0 = Release|x86
		{60E942B6-18E4-4B43-BCFF-C0C4C72B0356}.Debug (Anniversary Update)|Any CPU.ActiveCfg = Release|x86
		{60E942B6-18E4-4B43-BCFF-C0C4C72B0356}.Debug (Anniversary Update)|Any CPU.Build.0 = Release|x86
		{60E942B6-18E4-4B43-BCFF-C0C4C72B0356}.Debug (Anniversary Update)|Any CPU.Deploy.0 = Release|x86
		{60E942B6-18E4-4B43-BCFF-C0C4C72B0356}.Debug (Anniversary Update)|ARM.ActiveCfg = Debug|ARM
		{60E942B6-18E4-4B43-BCFF-C0C4C72B0356}.Debug (Anniversary Update)|ARM.Build.0 = Debug|ARM
		{60E942B6-18E4-4B43-BCFF-C0C4C72B0356}.Debug (Anniversary Update)|ARM.Deploy.0 = Debug|ARM
		{60E942B6-18E4-4B43-BCFF-C0C4C72B0356}.Debug (Anniversary Update)|x64.ActiveCfg = Debug|x64
		{60E942B6-18E4-4B43-BCFF-C0C4C72B0356}.Debug (Anniversary Update)|x64.Build.0 = Debug|x64
		{60E942B6-18E4-4B43-BCFF-C0C4C72B0356}.Debug (Anniversary Update)|x64.Deploy.0 = Debug|x64
		{60E942B6-18E4-4B43-BCFF-C0C4C72B0356}.Debug (Anniversary Update)|x86.ActiveCfg = Debug|x86
		{60E942B6-18E4-4B43-BCFF-C0C4C72B0356}.Debug (Anniversary Update)|x86.Build.0 = Debug|x86
		{60E942B6-18E4-4B43-BCFF-C0C4C72B0356}.Debug (Anniversary Update)|x86.Deploy.0 = Debug|x86
		{60E942B6-18E4-4B43-BCFF-C0C4C72B0356}.Debug (Version 1511)|Any CPU.ActiveCfg = Release|x64
		{60E942B6-18E4-4B43-BCFF-C0C4C72B0356}.Debug (Version 1511)|Any CPU.Build.0 = Release|x64
		{60E942B6-18E4-4B43-BCFF-C0C4C72B0356}.Debug (Version 1511)|Any CPU.Deploy.0 = Release|x64
		{60E942B6-18E4-4B43-BCFF-C0C4C72B0356}.Debug (Version 1511)|ARM.ActiveCfg = Debug|ARM
		{60E942B6-18E4-4B43-BCFF-C0C4C72B0356}.Debug (Version 1511)|ARM.Build.0 = Debug|ARM
		{60E942B6-18E4-4B43-BCFF-C0C4C72B0356}.Debug (Version 1511)|ARM.Deploy.0 = Debug|ARM
		{60E942B6-18E4-4B43-BCFF-C0C4C72B0356}.Debug (Version 1511)|x64.ActiveCfg = Debug|x64
		{60E942B6-18E4-4B43-BCFF-C0C4C72B0356}.Debug (Version 1511)|x64.Build.0 = Debug|x64
		{60E942B6-18E4-4B43-BCFF-C0C4C72B0356}.Debug (Version 1511)|x64.Deploy.0 = Debug|x64
		{60E942B6-18E4-4B43-BCFF-C0C4C72B0356}.Debug (Version 1511)|x86.ActiveCfg = Debug|x86
		{60E942B6-18E4-4B43-BCFF-C0C4C72B0356}.Debug (Version 1511)|x86.Build.0 = Debug|x86
		{60E942B6-18E4-4B43-BCFF-C0C4C72B0356}.Debug (Version 1511)|x86.Deploy.0 = Debug|x86
		{60E942B6-18E4-4B43-BCFF-C0C4C72B0356}.Debug|Any CPU.ActiveCfg = Debug|x86
		{60E942B6-18E4-4B43-BCFF-C0C4C72B0356}.Debug|ARM.ActiveCfg = Debug|ARM
		{60E942B6-18E4-4B43-BCFF-C0C4C72B0356}.Debug|ARM.Build.0 = Debug|ARM
		{60E942B6-18E4-4B43-BCFF-C0C4C72B0356}.Debug|ARM.Deploy.0 = Debug|ARM
		{60E942B6-18E4-4B43-BCFF-C0C4C72B0356}.Debug|x64.ActiveCfg = Debug|x64
		{60E942B6-18E4-4B43-BCFF-C0C4C72B0356}.Debug|x64.Build.0 = Debug|x64
		{60E942B6-18E4-4B43-BCFF-C0C4C72B0356}.Debug|x64.Deploy.0 = Debug|x64
		{60E942B6-18E4-4B43-BCFF-C0C4C72B0356}.Debug|x86.ActiveCfg = Debug|x86
		{60E942B6-18E4-4B43-BCFF-C0C4C72B0356}.Debug|x86.Build.0 = Debug|x86
		{60E942B6-18E4-4B43-BCFF-C0C4C72B0356}.Debug|x86.Deploy.0 = Debug|x86
		{60E942B6-18E4-4B43-BCFF-C0C4C72B0356}.Publish|Any CPU.ActiveCfg = Release|x64
		{60E942B6-18E4-4B43-BCFF-C0C4C72B0356}.Publish|Any CPU.Build.0 = Release|x64
		{60E942B6-18E4-4B43-BCFF-C0C4C72B0356}.Publish|Any CPU.Deploy.0 = Release|x64
		{60E942B6-18E4-4B43-BCFF-C0C4C72B0356}.Publish|ARM.ActiveCfg = Release|ARM
		{60E942B6-18E4-4B43-BCFF-C0C4C72B0356}.Publish|ARM.Build.0 = Release|ARM
		{60E942B6-18E4-4B43-BCFF-C0C4C72B0356}.Publish|ARM.Deploy.0 = Release|ARM
		{60E942B6-18E4-4B43-BCFF-C0C4C72B0356}.Publish|x64.ActiveCfg = Release|x64
		{60E942B6-18E4-4B43-BCFF-C0C4C72B0356}.Publish|x64.Build.0 = Release|x64
		{60E942B6-18E4-4B43-BCFF-C0C4C72B0356}.Publish|x64.Deploy.0 = Release|x64
		{60E942B6-18E4-4B43-BCFF-C0C4C72B0356}.Publish|x86.ActiveCfg = Release|x86
		{60E942B6-18E4-4B43-BCFF-C0C4C72B0356}.Publish|x86.Build.0 = Release|x86
		{60E942B6-18E4-4B43-BCFF-C0C4C72B0356}.Publish|x86.Deploy.0 = Release|x86
		{60E942B6-18E4-4B43-BCFF-C0C4C72B0356}.Release (Anniversary Update)|Any CPU.ActiveCfg = Release|x64
		{60E942B6-18E4-4B43-BCFF-C0C4C72B0356}.Release (Anniversary Update)|Any CPU.Build.0 = Release|x64
		{60E942B6-18E4-4B43-BCFF-C0C4C72B0356}.Release (Anniversary Update)|Any CPU.Deploy.0 = Release|x64
		{60E942B6-18E4-4B43-BCFF-C0C4C72B0356}.Release (Anniversary Update)|ARM.ActiveCfg = Release|ARM
		{60E942B6-18E4-4B43-BCFF-C0C4C72B0356}.Release (Anniversary Update)|ARM.Build.0 = Release|ARM
		{60E942B6-18E4-4B43-BCFF-C0C4C72B0356}.Release (Anniversary Update)|ARM.Deploy.0 = Release|ARM
		{60E942B6-18E4-4B43-BCFF-C0C4C72B0356}.Release (Anniversary Update)|x64.ActiveCfg = Release|x64
		{60E942B6-18E4-4B43-BCFF-C0C4C72B0356}.Release (Anniversary Update)|x64.Build.0 = Release|x64
		{60E942B6-18E4-4B43-BCFF-C0C4C72B0356}.Release (Anniversary Update)|x64.Deploy.0 = Release|x64
		{60E942B6-18E4-4B43-BCFF-C0C4C72B0356}.Release (Anniversary Update)|x86.ActiveCfg = Release|x86
		{60E942B6-18E4-4B43-BCFF-C0C4C72B0356}.Release (Anniversary Update)|x86.Build.0 = Release|x86
		{60E942B6-18E4-4B43-BCFF-C0C4C72B0356}.Release (Anniversary Update)|x86.Deploy.0 = Release|x86
		{60E942B6-18E4-4B43-BCFF-C0C4C72B0356}.Release (Version 1511)|Any CPU.ActiveCfg = Release|x64
		{60E942B6-18E4-4B43-BCFF-C0C4C72B0356}.Release (Version 1511)|Any CPU.Build.0 = Release|x64
		{60E942B6-18E4-4B43-BCFF-C0C4C72B0356}.Release (Version 1511)|Any CPU.Deploy.0 = Release|x64
		{60E942B6-18E4-4B43-BCFF-C0C4C72B0356}.Release (Version 1511)|ARM.ActiveCfg = Release|ARM
		{60E942B6-18E4-4B43-BCFF-C0C4C72B0356}.Release (Version 1511)|ARM.Build.0 = Release|ARM
		{60E942B6-18E4-4B43-BCFF-C0C4C72B0356}.Release (Version 1511)|ARM.Deploy.0 = Release|ARM
		{60E942B6-18E4-4B43-BCFF-C0C4C72B0356}.Release (Version 1511)|x64.ActiveCfg = Release|x64
		{60E942B6-18E4-4B43-BCFF-C0C4C72B0356}.Release (Version 1511)|x64.Build.0 = Release|x64
		{60E942B6-18E4-4B43-BCFF-C0C4C72B0356}.Release (Version 1511)|x64.Deploy.0 = Release|x64
		{60E942B6-18E4-4B43-BCFF-C0C4C72B0356}.Release (Version 1511)|x86.ActiveCfg = Release|x86
		{60E942B6-18E4-4B43-BCFF-C0C4C72B0356}.Release (Version 1511)|x86.Build.0 = Release|x86
		{60E942B6-18E4-4B43-BCFF-C0C4C72B0356}.Release (Version 1511)|x86.Deploy.0 = Release|x86
		{60E942B6-18E4-4B43-BCFF-C0C4C72B0356}.Release|Any CPU.ActiveCfg = Release|x86
		{60E942B6-18E4-4B43-BCFF-C0C4C72B0356}.Release|ARM.ActiveCfg = Release|ARM
		{60E942B6-18E4-4B43-BCFF-C0C4C72B0356}.Release|ARM.Build.0 = Release|ARM
		{60E942B6-18E4-4B43-BCFF-C0C4C72B0356}.Release|ARM.Deploy.0 = Release|ARM
		{60E942B6-18E4-4B43-BCFF-C0C4C72B0356}.Release|x64.ActiveCfg = Release|x64
		{60E942B6-18E4-4B43-BCFF-C0C4C72B0356}.Release|x64.Build.0 = Release|x64
		{60E942B6-18E4-4B43-BCFF-C0C4C72B0356}.Release|x64.Deploy.0 = Release|x64
		{60E942B6-18E4-4B43-BCFF-C0C4C72B0356}.Release|x86.ActiveCfg = Release|x86
		{60E942B6-18E4-4B43-BCFF-C0C4C72B0356}.Release|x86.Build.0 = Release|x86
		{60E942B6-18E4-4B43-BCFF-C0C4C72B0356}.Release|x86.Deploy.0 = Release|x86
		{B7D2BD46-3485-459D-AD88-ECABF497D508}.Debug (Anniversary Update)|Any CPU.ActiveCfg = Debug|Any CPU
		{B7D2BD46-3485-459D-AD88-ECABF497D508}.Debug (Anniversary Update)|Any CPU.Build.0 = Debug|Any CPU
		{B7D2BD46-3485-459D-AD88-ECABF497D508}.Debug (Anniversary Update)|ARM.ActiveCfg = Debug|ARM
		{B7D2BD46-3485-459D-AD88-ECABF497D508}.Debug (Anniversary Update)|ARM.Build.0 = Debug|ARM
		{B7D2BD46-3485-459D-AD88-ECABF497D508}.Debug (Anniversary Update)|x64.ActiveCfg = Debug|x64
		{B7D2BD46-3485-459D-AD88-ECABF497D508}.Debug (Anniversary Update)|x64.Build.0 = Debug|x64
		{B7D2BD46-3485-459D-AD88-ECABF497D508}.Debug (Anniversary Update)|x86.ActiveCfg = Debug|x86
		{B7D2BD46-3485-459D-AD88-ECABF497D508}.Debug (Anniversary Update)|x86.Build.0 = Debug|x86
		{B7D2BD46-3485-459D-AD88-ECABF497D508}.Debug (Version 1511)|Any CPU.ActiveCfg = Debug|Any CPU
		{B7D2BD46-3485-459D-AD88-ECABF497D508}.Debug (Version 1511)|Any CPU.Build.0 = Debug|Any CPU
		{B7D2BD46-3485-459D-AD88-ECABF497D508}.Debug (Version 1511)|ARM.ActiveCfg = Debug|ARM
		{B7D2BD46-3485-459D-AD88-ECABF497D508}.Debug (Version 1511)|ARM.Build.0 = Debug|ARM
		{B7D2BD46-3485-459D-AD88-ECABF497D508}.Debug (Version 1511)|x64.ActiveCfg = Debug|x64
		{B7D2BD46-3485-459D-AD88-ECABF497D508}.Debug (Version 1511)|x64.Build.0 = Debug|x64
		{B7D2BD46-3485-459D-AD88-ECABF497D508}.Debug (Version 1511)|x86.ActiveCfg = Debug|x86
		{B7D2BD46-3485-459D-AD88-ECABF497D508}.Debug (Version 1511)|x86.Build.0 = Debug|x86
		{B7D2BD46-3485-459D-AD88-ECABF497D508}.Debug|Any CPU.ActiveCfg = Debug|Any CPU
		{B7D2BD46-3485-459D-AD88-ECABF497D508}.Debug|ARM.ActiveCfg = Debug|ARM
		{B7D2BD46-3485-459D-AD88-ECABF497D508}.Debug|ARM.Build.0 = Debug|ARM
		{B7D2BD46-3485-459D-AD88-ECABF497D508}.Debug|x64.ActiveCfg = Debug|x64
		{B7D2BD46-3485-459D-AD88-ECABF497D508}.Debug|x64.Build.0 = Debug|x64
		{B7D2BD46-3485-459D-AD88-ECABF497D508}.Debug|x86.ActiveCfg = Debug|x86
		{B7D2BD46-3485-459D-AD88-ECABF497D508}.Debug|x86.Build.0 = Debug|x86
		{B7D2BD46-3485-459D-AD88-ECABF497D508}.Publish|Any CPU.ActiveCfg = Release|Any CPU
		{B7D2BD46-3485-459D-AD88-ECABF497D508}.Publish|Any CPU.Build.0 = Release|Any CPU
		{B7D2BD46-3485-459D-AD88-ECABF497D508}.Publish|ARM.ActiveCfg = Release|ARM
		{B7D2BD46-3485-459D-AD88-ECABF497D508}.Publish|ARM.Build.0 = Release|ARM
		{B7D2BD46-3485-459D-AD88-ECABF497D508}.Publish|x64.ActiveCfg = Release|x64
		{B7D2BD46-3485-459D-AD88-ECABF497D508}.Publish|x64.Build.0 = Release|x64
		{B7D2BD46-3485-459D-AD88-ECABF497D508}.Publish|x86.ActiveCfg = Release|x86
		{B7D2BD46-3485-459D-AD88-ECABF497D508}.Publish|x86.Build.0 = Release|x86
		{B7D2BD46-3485-459D-AD88-ECABF497D508}.Release (Anniversary Update)|Any CPU.ActiveCfg = Release|Any CPU
		{B7D2BD46-3485-459D-AD88-ECABF497D508}.Release (Anniversary Update)|Any CPU.Build.0 = Release|Any CPU
		{B7D2BD46-3485-459D-AD88-ECABF497D508}.Release (Anniversary Update)|ARM.ActiveCfg = Release|ARM
		{B7D2BD46-3485-459D-AD88-ECABF497D508}.Release (Anniversary Update)|ARM.Build.0 = Release|ARM
		{B7D2BD46-3485-459D-AD88-ECABF497D508}.Release (Anniversary Update)|x64.ActiveCfg = Release|x64
		{B7D2BD46-3485-459D-AD88-ECABF497D508}.Release (Anniversary Update)|x64.Build.0 = Release|x64
		{B7D2BD46-3485-459D-AD88-ECABF497D508}.Release (Anniversary Update)|x86.ActiveCfg = Release|x86
		{B7D2BD46-3485-459D-AD88-ECABF497D508}.Release (Anniversary Update)|x86.Build.0 = Release|x86
		{B7D2BD46-3485-459D-AD88-ECABF497D508}.Release (Version 1511)|Any CPU.ActiveCfg = Release|Any CPU
		{B7D2BD46-3485-459D-AD88-ECABF497D508}.Release (Version 1511)|Any CPU.Build.0 = Release|Any CPU
		{B7D2BD46-3485-459D-AD88-ECABF497D508}.Release (Version 1511)|ARM.ActiveCfg = Release|ARM
		{B7D2BD46-3485-459D-AD88-ECABF497D508}.Release (Version 1511)|ARM.Build.0 = Release|ARM
		{B7D2BD46-3485-459D-AD88-ECABF497D508}.Release (Version 1511)|x64.ActiveCfg = Release|x64
		{B7D2BD46-3485-459D-AD88-ECABF497D508}.Release (Version 1511)|x64.Build.0 = Release|x64
		{B7D2BD46-3485-459D-AD88-ECABF497D508}.Release (Version 1511)|x86.ActiveCfg = Release|x86
		{B7D2BD46-3485-459D-AD88-ECABF497D508}.Release (Version 1511)|x86.Build.0 = Release|x86
		{B7D2BD46-3485-459D-AD88-ECABF497D508}.Release|Any CPU.ActiveCfg = Release|Any CPU
		{B7D2BD46-3485-459D-AD88-ECABF497D508}.Release|Any CPU.Build.0 = Release|Any CPU
		{B7D2BD46-3485-459D-AD88-ECABF497D508}.Release|ARM.ActiveCfg = Release|ARM
		{B7D2BD46-3485-459D-AD88-ECABF497D508}.Release|ARM.Build.0 = Release|ARM
		{B7D2BD46-3485-459D-AD88-ECABF497D508}.Release|x64.ActiveCfg = Release|x64
		{B7D2BD46-3485-459D-AD88-ECABF497D508}.Release|x64.Build.0 = Release|x64
		{B7D2BD46-3485-459D-AD88-ECABF497D508}.Release|x86.ActiveCfg = Release|x86
		{B7D2BD46-3485-459D-AD88-ECABF497D508}.Release|x86.Build.0 = Release|x86
		{0D958504-42C8-4B04-B9A7-2C6CB6E8009C}.Debug (Anniversary Update)|Any CPU.ActiveCfg = Debug|Any CPU
		{0D958504-42C8-4B04-B9A7-2C6CB6E8009C}.Debug (Anniversary Update)|Any CPU.Build.0 = Debug|Any CPU
		{0D958504-42C8-4B04-B9A7-2C6CB6E8009C}.Debug (Anniversary Update)|ARM.ActiveCfg = Debug|ARM
		{0D958504-42C8-4B04-B9A7-2C6CB6E8009C}.Debug (Anniversary Update)|ARM.Build.0 = Debug|ARM
		{0D958504-42C8-4B04-B9A7-2C6CB6E8009C}.Debug (Anniversary Update)|x64.ActiveCfg = Debug|x64
		{0D958504-42C8-4B04-B9A7-2C6CB6E8009C}.Debug (Anniversary Update)|x64.Build.0 = Debug|x64
		{0D958504-42C8-4B04-B9A7-2C6CB6E8009C}.Debug (Anniversary Update)|x86.ActiveCfg = Debug|x86
		{0D958504-42C8-4B04-B9A7-2C6CB6E8009C}.Debug (Anniversary Update)|x86.Build.0 = Debug|x86
		{0D958504-42C8-4B04-B9A7-2C6CB6E8009C}.Debug (Version 1511)|Any CPU.ActiveCfg = Debug|Any CPU
		{0D958504-42C8-4B04-B9A7-2C6CB6E8009C}.Debug (Version 1511)|Any CPU.Build.0 = Debug|Any CPU
		{0D958504-42C8-4B04-B9A7-2C6CB6E8009C}.Debug (Version 1511)|ARM.ActiveCfg = Debug|ARM
		{0D958504-42C8-4B04-B9A7-2C6CB6E8009C}.Debug (Version 1511)|ARM.Build.0 = Debug|ARM
		{0D958504-42C8-4B04-B9A7-2C6CB6E8009C}.Debug (Version 1511)|x64.ActiveCfg = Debug|x64
		{0D958504-42C8-4B04-B9A7-2C6CB6E8009C}.Debug (Version 1511)|x64.Build.0 = Debug|x64
		{0D958504-42C8-4B04-B9A7-2C6CB6E8009C}.Debug (Version 1511)|x86.ActiveCfg = Debug|x86
		{0D958504-42C8-4B04-B9A7-2C6CB6E8009C}.Debug (Version 1511)|x86.Build.0 = Debug|x86
		{0D958504-42C8-4B04-B9A7-2C6CB6E8009C}.Debug|Any CPU.ActiveCfg = Debug|Any CPU
		{0D958504-42C8-4B04-B9A7-2C6CB6E8009C}.Debug|ARM.ActiveCfg = Debug|ARM
		{0D958504-42C8-4B04-B9A7-2C6CB6E8009C}.Debug|ARM.Build.0 = Debug|ARM
		{0D958504-42C8-4B04-B9A7-2C6CB6E8009C}.Debug|x64.ActiveCfg = Debug|x64
		{0D958504-42C8-4B04-B9A7-2C6CB6E8009C}.Debug|x64.Build.0 = Debug|x64
		{0D958504-42C8-4B04-B9A7-2C6CB6E8009C}.Debug|x86.ActiveCfg = Debug|x86
		{0D958504-42C8-4B04-B9A7-2C6CB6E8009C}.Debug|x86.Build.0 = Debug|x86
		{0D958504-42C8-4B04-B9A7-2C6CB6E8009C}.Publish|Any CPU.ActiveCfg = Release|Any CPU
		{0D958504-42C8-4B04-B9A7-2C6CB6E8009C}.Publish|Any CPU.Build.0 = Release|Any CPU
		{0D958504-42C8-4B04-B9A7-2C6CB6E8009C}.Publish|ARM.ActiveCfg = Release|ARM
		{0D958504-42C8-4B04-B9A7-2C6CB6E8009C}.Publish|ARM.Build.0 = Release|ARM
		{0D958504-42C8-4B04-B9A7-2C6CB6E8009C}.Publish|x64.ActiveCfg = Release|x64
		{0D958504-42C8-4B04-B9A7-2C6CB6E8009C}.Publish|x64.Build.0 = Release|x64
		{0D958504-42C8-4B04-B9A7-2C6CB6E8009C}.Publish|x86.ActiveCfg = Release|x86
		{0D958504-42C8-4B04-B9A7-2C6CB6E8009C}.Publish|x86.Build.0 = Release|x86
		{0D958504-42C8-4B04-B9A7-2C6CB6E8009C}.Release (Anniversary Update)|Any CPU.ActiveCfg = Release|Any CPU
		{0D958504-42C8-4B04-B9A7-2C6CB6E8009C}.Release (Anniversary Update)|Any CPU.Build.0 = Release|Any CPU
		{0D958504-42C8-4B04-B9A7-2C6CB6E8009C}.Release (Anniversary Update)|ARM.ActiveCfg = Release|ARM
		{0D958504-42C8-4B04-B9A7-2C6CB6E8009C}.Release (Anniversary Update)|ARM.Build.0 = Release|ARM
		{0D958504-42C8-4B04-B9A7-2C6CB6E8009C}.Release (Anniversary Update)|x64.ActiveCfg = Release|x64
		{0D958504-42C8-4B04-B9A7-2C6CB6E8009C}.Release (Anniversary Update)|x64.Build.0 = Release|x64
		{0D958504-42C8-4B04-B9A7-2C6CB6E8009C}.Release (Anniversary Update)|x86.ActiveCfg = Release|x86
		{0D958504-42C8-4B04-B9A7-2C6CB6E8009C}.Release (Anniversary Update)|x86.Build.0 = Release|x86
		{0D958504-42C8-4B04-B9A7-2C6CB6E8009C}.Release (Version 1511)|Any CPU.ActiveCfg = Release|Any CPU
		{0D958504-42C8-4B04-B9A7-2C6CB6E8009C}.Release (Version 1511)|Any CPU.Build.0 = Release|Any CPU
		{0D958504-42C8-4B04-B9A7-2C6CB6E8009C}.Release (Version 1511)|ARM.ActiveCfg = Release|ARM
		{0D958504-42C8-4B04-B9A7-2C6CB6E8009C}.Release (Version 1511)|ARM.Build.0 = Release|ARM
		{0D958504-42C8-4B04-B9A7-2C6CB6E8009C}.Release (Version 1511)|x64.ActiveCfg = Release|x64
		{0D958504-42C8-4B04-B9A7-2C6CB6E8009C}.Release (Version 1511)|x64.Build.0 = Release|x64
		{0D958504-42C8-4B04-B9A7-2C6CB6E8009C}.Release (Version 1511)|x86.ActiveCfg = Release|x86
		{0D958504-42C8-4B04-B9A7-2C6CB6E8009C}.Release (Version 1511)|x86.Build.0 = Release|x86
		{0D958504-42C8-4B04-B9A7-2C6CB6E8009C}.Release|Any CPU.ActiveCfg = Release|Any CPU
		{0D958504-42C8-4B04-B9A7-2C6CB6E8009C}.Release|Any CPU.Build.0 = Release|Any CPU
		{0D958504-42C8-4B04-B9A7-2C6CB6E8009C}.Release|ARM.ActiveCfg = Release|ARM
		{0D958504-42C8-4B04-B9A7-2C6CB6E8009C}.Release|ARM.Build.0 = Release|ARM
		{0D958504-42C8-4B04-B9A7-2C6CB6E8009C}.Release|x64.ActiveCfg = Release|x64
		{0D958504-42C8-4B04-B9A7-2C6CB6E8009C}.Release|x64.Build.0 = Release|x64
		{0D958504-42C8-4B04-B9A7-2C6CB6E8009C}.Release|x86.ActiveCfg = Release|x86
		{0D958504-42C8-4B04-B9A7-2C6CB6E8009C}.Release|x86.Build.0 = Release|x86
		{7189A42D-6F1A-4FA3-8E00-E2C14FDF167A}.Debug (Anniversary Update)|Any CPU.ActiveCfg = Debug|Any CPU
		{7189A42D-6F1A-4FA3-8E00-E2C14FDF167A}.Debug (Anniversary Update)|Any CPU.Build.0 = Debug|Any CPU
		{7189A42D-6F1A-4FA3-8E00-E2C14FDF167A}.Debug (Anniversary Update)|ARM.ActiveCfg = Debug|Any CPU
		{7189A42D-6F1A-4FA3-8E00-E2C14FDF167A}.Debug (Anniversary Update)|ARM.Build.0 = Debug|Any CPU
		{7189A42D-6F1A-4FA3-8E00-E2C14FDF167A}.Debug (Anniversary Update)|x64.ActiveCfg = Debug|Any CPU
		{7189A42D-6F1A-4FA3-8E00-E2C14FDF167A}.Debug (Anniversary Update)|x64.Build.0 = Debug|Any CPU
		{7189A42D-6F1A-4FA3-8E00-E2C14FDF167A}.Debug (Anniversary Update)|x86.ActiveCfg = Debug|Any CPU
		{7189A42D-6F1A-4FA3-8E00-E2C14FDF167A}.Debug (Anniversary Update)|x86.Build.0 = Debug|Any CPU
		{7189A42D-6F1A-4FA3-8E00-E2C14FDF167A}.Debug (Version 1511)|Any CPU.ActiveCfg = Debug|Any CPU
		{7189A42D-6F1A-4FA3-8E00-E2C14FDF167A}.Debug (Version 1511)|Any CPU.Build.0 = Debug|Any CPU
		{7189A42D-6F1A-4FA3-8E00-E2C14FDF167A}.Debug (Version 1511)|ARM.ActiveCfg = Debug|Any CPU
		{7189A42D-6F1A-4FA3-8E00-E2C14FDF167A}.Debug (Version 1511)|ARM.Build.0 = Debug|Any CPU
		{7189A42D-6F1A-4FA3-8E00-E2C14FDF167A}.Debug (Version 1511)|x64.ActiveCfg = Debug|Any CPU
		{7189A42D-6F1A-4FA3-8E00-E2C14FDF167A}.Debug (Version 1511)|x64.Build.0 = Debug|Any CPU
		{7189A42D-6F1A-4FA3-8E00-E2C14FDF167A}.Debug (Version 1511)|x86.ActiveCfg = Debug|Any CPU
		{7189A42D-6F1A-4FA3-8E00-E2C14FDF167A}.Debug (Version 1511)|x86.Build.0 = Debug|Any CPU
		{7189A42D-6F1A-4FA3-8E00-E2C14FDF167A}.Debug|Any CPU.ActiveCfg = Debug|Any CPU
		{7189A42D-6F1A-4FA3-8E00-E2C14FDF167A}.Debug|ARM.ActiveCfg = Debug|Any CPU
		{7189A42D-6F1A-4FA3-8E00-E2C14FDF167A}.Debug|ARM.Build.0 = Debug|Any CPU
		{7189A42D-6F1A-4FA3-8E00-E2C14FDF167A}.Debug|x64.ActiveCfg = Debug|Any CPU
		{7189A42D-6F1A-4FA3-8E00-E2C14FDF167A}.Debug|x64.Build.0 = Debug|Any CPU
		{7189A42D-6F1A-4FA3-8E00-E2C14FDF167A}.Debug|x86.ActiveCfg = Debug|Any CPU
		{7189A42D-6F1A-4FA3-8E00-E2C14FDF167A}.Debug|x86.Build.0 = Debug|Any CPU
		{7189A42D-6F1A-4FA3-8E00-E2C14FDF167A}.Publish|Any CPU.ActiveCfg = Release|Any CPU
		{7189A42D-6F1A-4FA3-8E00-E2C14FDF167A}.Publish|Any CPU.Build.0 = Release|Any CPU
		{7189A42D-6F1A-4FA3-8E00-E2C14FDF167A}.Publish|ARM.ActiveCfg = Release|Any CPU
		{7189A42D-6F1A-4FA3-8E00-E2C14FDF167A}.Publish|ARM.Build.0 = Release|Any CPU
		{7189A42D-6F1A-4FA3-8E00-E2C14FDF167A}.Publish|x64.ActiveCfg = Release|Any CPU
		{7189A42D-6F1A-4FA3-8E00-E2C14FDF167A}.Publish|x64.Build.0 = Release|Any CPU
		{7189A42D-6F1A-4FA3-8E00-E2C14FDF167A}.Publish|x86.ActiveCfg = Release|Any CPU
		{7189A42D-6F1A-4FA3-8E00-E2C14FDF167A}.Publish|x86.Build.0 = Release|Any CPU
		{7189A42D-6F1A-4FA3-8E00-E2C14FDF167A}.Release (Anniversary Update)|Any CPU.ActiveCfg = Release|Any CPU
		{7189A42D-6F1A-4FA3-8E00-E2C14FDF167A}.Release (Anniversary Update)|Any CPU.Build.0 = Release|Any CPU
		{7189A42D-6F1A-4FA3-8E00-E2C14FDF167A}.Release (Anniversary Update)|ARM.ActiveCfg = Release|Any CPU
		{7189A42D-6F1A-4FA3-8E00-E2C14FDF167A}.Release (Anniversary Update)|ARM.Build.0 = Release|Any CPU
		{7189A42D-6F1A-4FA3-8E00-E2C14FDF167A}.Release (Anniversary Update)|x64.ActiveCfg = Release|Any CPU
		{7189A42D-6F1A-4FA3-8E00-E2C14FDF167A}.Release (Anniversary Update)|x64.Build.0 = Release|Any CPU
		{7189A42D-6F1A-4FA3-8E00-E2C14FDF167A}.Release (Anniversary Update)|x86.ActiveCfg = Release|Any CPU
		{7189A42D-6F1A-4FA3-8E00-E2C14FDF167A}.Release (Anniversary Update)|x86.Build.0 = Release|Any CPU
		{7189A42D-6F1A-4FA3-8E00-E2C14FDF167A}.Release (Version 1511)|Any CPU.ActiveCfg = Release|Any CPU
		{7189A42D-6F1A-4FA3-8E00-E2C14FDF167A}.Release (Version 1511)|Any CPU.Build.0 = Release|Any CPU
		{7189A42D-6F1A-4FA3-8E00-E2C14FDF167A}.Release (Version 1511)|ARM.ActiveCfg = Release|Any CPU
		{7189A42D-6F1A-4FA3-8E00-E2C14FDF167A}.Release (Version 1511)|ARM.Build.0 = Release|Any CPU
		{7189A42D-6F1A-4FA3-8E00-E2C14FDF167A}.Release (Version 1511)|x64.ActiveCfg = Release|Any CPU
		{7189A42D-6F1A-4FA3-8E00-E2C14FDF167A}.Release (Version 1511)|x64.Build.0 = Release|Any CPU
		{7189A42D-6F1A-4FA3-8E00-E2C14FDF167A}.Release (Version 1511)|x86.ActiveCfg = Release|Any CPU
		{7189A42D-6F1A-4FA3-8E00-E2C14FDF167A}.Release (Version 1511)|x86.Build.0 = Release|Any CPU
		{7189A42D-6F1A-4FA3-8E00-E2C14FDF167A}.Release|Any CPU.ActiveCfg = Release|Any CPU
		{7189A42D-6F1A-4FA3-8E00-E2C14FDF167A}.Release|Any CPU.Build.0 = Release|Any CPU
		{7189A42D-6F1A-4FA3-8E00-E2C14FDF167A}.Release|ARM.ActiveCfg = Release|Any CPU
		{7189A42D-6F1A-4FA3-8E00-E2C14FDF167A}.Release|ARM.Build.0 = Release|Any CPU
		{7189A42D-6F1A-4FA3-8E00-E2C14FDF167A}.Release|x64.ActiveCfg = Release|Any CPU
		{7189A42D-6F1A-4FA3-8E00-E2C14FDF167A}.Release|x64.Build.0 = Release|Any CPU
		{7189A42D-6F1A-4FA3-8E00-E2C14FDF167A}.Release|x86.ActiveCfg = Release|Any CPU
		{7189A42D-6F1A-4FA3-8E00-E2C14FDF167A}.Release|x86.Build.0 = Release|Any CPU
		{805F80DF-75C6-4C2F-8FD9-B47F6D0DF5A3}.Debug (Anniversary Update)|Any CPU.ActiveCfg = Debug|Any CPU
		{805F80DF-75C6-4C2F-8FD9-B47F6D0DF5A3}.Debug (Anniversary Update)|Any CPU.Build.0 = Debug|Any CPU
		{805F80DF-75C6-4C2F-8FD9-B47F6D0DF5A3}.Debug (Anniversary Update)|ARM.ActiveCfg = Debug|Any CPU
		{805F80DF-75C6-4C2F-8FD9-B47F6D0DF5A3}.Debug (Anniversary Update)|ARM.Build.0 = Debug|Any CPU
		{805F80DF-75C6-4C2F-8FD9-B47F6D0DF5A3}.Debug (Anniversary Update)|x64.ActiveCfg = Debug|Any CPU
		{805F80DF-75C6-4C2F-8FD9-B47F6D0DF5A3}.Debug (Anniversary Update)|x64.Build.0 = Debug|Any CPU
		{805F80DF-75C6-4C2F-8FD9-B47F6D0DF5A3}.Debug (Anniversary Update)|x86.ActiveCfg = Debug|Any CPU
		{805F80DF-75C6-4C2F-8FD9-B47F6D0DF5A3}.Debug (Anniversary Update)|x86.Build.0 = Debug|Any CPU
		{805F80DF-75C6-4C2F-8FD9-B47F6D0DF5A3}.Debug (Version 1511)|Any CPU.ActiveCfg = Debug|Any CPU
		{805F80DF-75C6-4C2F-8FD9-B47F6D0DF5A3}.Debug (Version 1511)|Any CPU.Build.0 = Debug|Any CPU
		{805F80DF-75C6-4C2F-8FD9-B47F6D0DF5A3}.Debug (Version 1511)|ARM.ActiveCfg = Debug|Any CPU
		{805F80DF-75C6-4C2F-8FD9-B47F6D0DF5A3}.Debug (Version 1511)|ARM.Build.0 = Debug|Any CPU
		{805F80DF-75C6-4C2F-8FD9-B47F6D0DF5A3}.Debug (Version 1511)|x64.ActiveCfg = Debug|Any CPU
		{805F80DF-75C6-4C2F-8FD9-B47F6D0DF5A3}.Debug (Version 1511)|x64.Build.0 = Debug|Any CPU
		{805F80DF-75C6-4C2F-8FD9-B47F6D0DF5A3}.Debug (Version 1511)|x86.ActiveCfg = Debug|Any CPU
		{805F80DF-75C6-4C2F-8FD9-B47F6D0DF5A3}.Debug (Version 1511)|x86.Build.0 = Debug|Any CPU
		{805F80DF-75C6-4C2F-8FD9-B47F6D0DF5A3}.Debug|Any CPU.ActiveCfg = Debug|Any CPU
		{805F80DF-75C6-4C2F-8FD9-B47F6D0DF5A3}.Debug|ARM.ActiveCfg = Debug|Any CPU
		{805F80DF-75C6-4C2F-8FD9-B47F6D0DF5A3}.Debug|ARM.Build.0 = Debug|Any CPU
		{805F80DF-75C6-4C2F-8FD9-B47F6D0DF5A3}.Debug|x64.ActiveCfg = Debug|Any CPU
		{805F80DF-75C6-4C2F-8FD9-B47F6D0DF5A3}.Debug|x64.Build.0 = Debug|Any CPU
		{805F80DF-75C6-4C2F-8FD9-B47F6D0DF5A3}.Debug|x86.ActiveCfg = Debug|Any CPU
		{805F80DF-75C6-4C2F-8FD9-B47F6D0DF5A3}.Debug|x86.Build.0 = Debug|Any CPU
		{805F80DF-75C6-4C2F-8FD9-B47F6D0DF5A3}.Publish|Any CPU.ActiveCfg = Release|Any CPU
		{805F80DF-75C6-4C2F-8FD9-B47F6D0DF5A3}.Publish|Any CPU.Build.0 = Release|Any CPU
		{805F80DF-75C6-4C2F-8FD9-B47F6D0DF5A3}.Publish|ARM.ActiveCfg = Release|Any CPU
		{805F80DF-75C6-4C2F-8FD9-B47F6D0DF5A3}.Publish|ARM.Build.0 = Release|Any CPU
		{805F80DF-75C6-4C2F-8FD9-B47F6D0DF5A3}.Publish|x64.ActiveCfg = Release|Any CPU
		{805F80DF-75C6-4C2F-8FD9-B47F6D0DF5A3}.Publish|x64.Build.0 = Release|Any CPU
		{805F80DF-75C6-4C2F-8FD9-B47F6D0DF5A3}.Publish|x86.ActiveCfg = Release|Any CPU
		{805F80DF-75C6-4C2F-8FD9-B47F6D0DF5A3}.Publish|x86.Build.0 = Release|Any CPU
		{805F80DF-75C6-4C2F-8FD9-B47F6D0DF5A3}.Release (Anniversary Update)|Any CPU.ActiveCfg = Release|Any CPU
		{805F80DF-75C6-4C2F-8FD9-B47F6D0DF5A3}.Release (Anniversary Update)|Any CPU.Build.0 = Release|Any CPU
		{805F80DF-75C6-4C2F-8FD9-B47F6D0DF5A3}.Release (Anniversary Update)|ARM.ActiveCfg = Release|Any CPU
		{805F80DF-75C6-4C2F-8FD9-B47F6D0DF5A3}.Release (Anniversary Update)|ARM.Build.0 = Release|Any CPU
		{805F80DF-75C6-4C2F-8FD9-B47F6D0DF5A3}.Release (Anniversary Update)|x64.ActiveCfg = Release|Any CPU
		{805F80DF-75C6-4C2F-8FD9-B47F6D0DF5A3}.Release (Anniversary Update)|x64.Build.0 = Release|Any CPU
		{805F80DF-75C6-4C2F-8FD9-B47F6D0DF5A3}.Release (Anniversary Update)|x86.ActiveCfg = Release|Any CPU
		{805F80DF-75C6-4C2F-8FD9-B47F6D0DF5A3}.Release (Anniversary Update)|x86.Build.0 = Release|Any CPU
		{805F80DF-75C6-4C2F-8FD9-B47F6D0DF5A3}.Release (Version 1511)|Any CPU.ActiveCfg = Release|Any CPU
		{805F80DF-75C6-4C2F-8FD9-B47F6D0DF5A3}.Release (Version 1511)|Any CPU.Build.0 = Release|Any CPU
		{805F80DF-75C6-4C2F-8FD9-B47F6D0DF5A3}.Release (Version 1511)|ARM.ActiveCfg = Release|Any CPU
		{805F80DF-75C6-4C2F-8FD9-B47F6D0DF5A3}.Release (Version 1511)|ARM.Build.0 = Release|Any CPU
		{805F80DF-75C6-4C2F-8FD9-B47F6D0DF5A3}.Release (Version 1511)|x64.ActiveCfg = Release|Any CPU
		{805F80DF-75C6-4C2F-8FD9-B47F6D0DF5A3}.Release (Version 1511)|x64.Build.0 = Release|Any CPU
		{805F80DF-75C6-4C2F-8FD9-B47F6D0DF5A3}.Release (Version 1511)|x86.ActiveCfg = Release|Any CPU
		{805F80DF-75C6-4C2F-8FD9-B47F6D0DF5A3}.Release (Version 1511)|x86.Build.0 = Release|Any CPU
		{805F80DF-75C6-4C2F-8FD9-B47F6D0DF5A3}.Release|Any CPU.ActiveCfg = Release|Any CPU
		{805F80DF-75C6-4C2F-8FD9-B47F6D0DF5A3}.Release|Any CPU.Build.0 = Release|Any CPU
		{805F80DF-75C6-4C2F-8FD9-B47F6D0DF5A3}.Release|ARM.ActiveCfg = Release|Any CPU
		{805F80DF-75C6-4C2F-8FD9-B47F6D0DF5A3}.Release|ARM.Build.0 = Release|Any CPU
		{805F80DF-75C6-4C2F-8FD9-B47F6D0DF5A3}.Release|x64.ActiveCfg = Release|Any CPU
		{805F80DF-75C6-4C2F-8FD9-B47F6D0DF5A3}.Release|x64.Build.0 = Release|Any CPU
		{805F80DF-75C6-4C2F-8FD9-B47F6D0DF5A3}.Release|x86.ActiveCfg = Release|Any CPU
		{805F80DF-75C6-4C2F-8FD9-B47F6D0DF5A3}.Release|x86.Build.0 = Release|Any CPU
		{1C8A345B-FA57-4F22-B648-C703599F6F00}.Debug (Anniversary Update)|Any CPU.ActiveCfg = Debug|Any CPU
		{1C8A345B-FA57-4F22-B648-C703599F6F00}.Debug (Anniversary Update)|Any CPU.Build.0 = Debug|Any CPU
		{1C8A345B-FA57-4F22-B648-C703599F6F00}.Debug (Anniversary Update)|ARM.ActiveCfg = Debug|Any CPU
		{1C8A345B-FA57-4F22-B648-C703599F6F00}.Debug (Anniversary Update)|ARM.Build.0 = Debug|Any CPU
		{1C8A345B-FA57-4F22-B648-C703599F6F00}.Debug (Anniversary Update)|x64.ActiveCfg = Debug|Any CPU
		{1C8A345B-FA57-4F22-B648-C703599F6F00}.Debug (Anniversary Update)|x64.Build.0 = Debug|Any CPU
		{1C8A345B-FA57-4F22-B648-C703599F6F00}.Debug (Anniversary Update)|x86.ActiveCfg = Debug|Any CPU
		{1C8A345B-FA57-4F22-B648-C703599F6F00}.Debug (Anniversary Update)|x86.Build.0 = Debug|Any CPU
		{1C8A345B-FA57-4F22-B648-C703599F6F00}.Debug (Version 1511)|Any CPU.ActiveCfg = Debug|Any CPU
		{1C8A345B-FA57-4F22-B648-C703599F6F00}.Debug (Version 1511)|Any CPU.Build.0 = Debug|Any CPU
		{1C8A345B-FA57-4F22-B648-C703599F6F00}.Debug (Version 1511)|ARM.ActiveCfg = Debug|Any CPU
		{1C8A345B-FA57-4F22-B648-C703599F6F00}.Debug (Version 1511)|ARM.Build.0 = Debug|Any CPU
		{1C8A345B-FA57-4F22-B648-C703599F6F00}.Debug (Version 1511)|x64.ActiveCfg = Debug|Any CPU
		{1C8A345B-FA57-4F22-B648-C703599F6F00}.Debug (Version 1511)|x64.Build.0 = Debug|Any CPU
		{1C8A345B-FA57-4F22-B648-C703599F6F00}.Debug (Version 1511)|x86.ActiveCfg = Debug|Any CPU
		{1C8A345B-FA57-4F22-B648-C703599F6F00}.Debug (Version 1511)|x86.Build.0 = Debug|Any CPU
		{1C8A345B-FA57-4F22-B648-C703599F6F00}.Debug|Any CPU.ActiveCfg = Debug|Any CPU
		{1C8A345B-FA57-4F22-B648-C703599F6F00}.Debug|ARM.ActiveCfg = Debug|Any CPU
		{1C8A345B-FA57-4F22-B648-C703599F6F00}.Debug|ARM.Build.0 = Debug|Any CPU
		{1C8A345B-FA57-4F22-B648-C703599F6F00}.Debug|x64.ActiveCfg = Debug|Any CPU
		{1C8A345B-FA57-4F22-B648-C703599F6F00}.Debug|x64.Build.0 = Debug|Any CPU
		{1C8A345B-FA57-4F22-B648-C703599F6F00}.Debug|x86.ActiveCfg = Debug|Any CPU
		{1C8A345B-FA57-4F22-B648-C703599F6F00}.Debug|x86.Build.0 = Debug|Any CPU
		{1C8A345B-FA57-4F22-B648-C703599F6F00}.Publish|Any CPU.ActiveCfg = Debug|Any CPU
		{1C8A345B-FA57-4F22-B648-C703599F6F00}.Publish|Any CPU.Build.0 = Debug|Any CPU
		{1C8A345B-FA57-4F22-B648-C703599F6F00}.Publish|ARM.ActiveCfg = Debug|Any CPU
		{1C8A345B-FA57-4F22-B648-C703599F6F00}.Publish|ARM.Build.0 = Debug|Any CPU
		{1C8A345B-FA57-4F22-B648-C703599F6F00}.Publish|x64.ActiveCfg = Debug|Any CPU
		{1C8A345B-FA57-4F22-B648-C703599F6F00}.Publish|x64.Build.0 = Debug|Any CPU
		{1C8A345B-FA57-4F22-B648-C703599F6F00}.Publish|x86.ActiveCfg = Debug|Any CPU
		{1C8A345B-FA57-4F22-B648-C703599F6F00}.Publish|x86.Build.0 = Debug|Any CPU
		{1C8A345B-FA57-4F22-B648-C703599F6F00}.Release (Anniversary Update)|Any CPU.ActiveCfg = Release|Any CPU
		{1C8A345B-FA57-4F22-B648-C703599F6F00}.Release (Anniversary Update)|Any CPU.Build.0 = Release|Any CPU
		{1C8A345B-FA57-4F22-B648-C703599F6F00}.Release (Anniversary Update)|ARM.ActiveCfg = Release|Any CPU
		{1C8A345B-FA57-4F22-B648-C703599F6F00}.Release (Anniversary Update)|ARM.Build.0 = Release|Any CPU
		{1C8A345B-FA57-4F22-B648-C703599F6F00}.Release (Anniversary Update)|x64.ActiveCfg = Release|Any CPU
		{1C8A345B-FA57-4F22-B648-C703599F6F00}.Release (Anniversary Update)|x64.Build.0 = Release|Any CPU
		{1C8A345B-FA57-4F22-B648-C703599F6F00}.Release (Anniversary Update)|x86.ActiveCfg = Release|Any CPU
		{1C8A345B-FA57-4F22-B648-C703599F6F00}.Release (Anniversary Update)|x86.Build.0 = Release|Any CPU
		{1C8A345B-FA57-4F22-B648-C703599F6F00}.Release (Version 1511)|Any CPU.ActiveCfg = Release|Any CPU
		{1C8A345B-FA57-4F22-B648-C703599F6F00}.Release (Version 1511)|Any CPU.Build.0 = Release|Any CPU
		{1C8A345B-FA57-4F22-B648-C703599F6F00}.Release (Version 1511)|ARM.ActiveCfg = Release|Any CPU
		{1C8A345B-FA57-4F22-B648-C703599F6F00}.Release (Version 1511)|ARM.Build.0 = Release|Any CPU
		{1C8A345B-FA57-4F22-B648-C703599F6F00}.Release (Version 1511)|x64.ActiveCfg = Release|Any CPU
		{1C8A345B-FA57-4F22-B648-C703599F6F00}.Release (Version 1511)|x64.Build.0 = Release|Any CPU
		{1C8A345B-FA57-4F22-B648-C703599F6F00}.Release (Version 1511)|x86.ActiveCfg = Release|Any CPU
		{1C8A345B-FA57-4F22-B648-C703599F6F00}.Release (Version 1511)|x86.Build.0 = Release|Any CPU
		{1C8A345B-FA57-4F22-B648-C703599F6F00}.Release|Any CPU.ActiveCfg = Release|Any CPU
		{1C8A345B-FA57-4F22-B648-C703599F6F00}.Release|Any CPU.Build.0 = Release|Any CPU
		{1C8A345B-FA57-4F22-B648-C703599F6F00}.Release|ARM.ActiveCfg = Release|Any CPU
		{1C8A345B-FA57-4F22-B648-C703599F6F00}.Release|ARM.Build.0 = Release|Any CPU
		{1C8A345B-FA57-4F22-B648-C703599F6F00}.Release|x64.ActiveCfg = Release|Any CPU
		{1C8A345B-FA57-4F22-B648-C703599F6F00}.Release|x64.Build.0 = Release|Any CPU
		{1C8A345B-FA57-4F22-B648-C703599F6F00}.Release|x86.ActiveCfg = Release|Any CPU
		{1C8A345B-FA57-4F22-B648-C703599F6F00}.Release|x86.Build.0 = Release|Any CPU
		{1C743253-00DD-406B-A0A9-7F956344838F}.Debug (Anniversary Update)|Any CPU.ActiveCfg = Debug|Any CPU
		{1C743253-00DD-406B-A0A9-7F956344838F}.Debug (Anniversary Update)|Any CPU.Build.0 = Debug|Any CPU
		{1C743253-00DD-406B-A0A9-7F956344838F}.Debug (Anniversary Update)|ARM.ActiveCfg = Debug|Any CPU
		{1C743253-00DD-406B-A0A9-7F956344838F}.Debug (Anniversary Update)|ARM.Build.0 = Debug|Any CPU
		{1C743253-00DD-406B-A0A9-7F956344838F}.Debug (Anniversary Update)|x64.ActiveCfg = Debug|Any CPU
		{1C743253-00DD-406B-A0A9-7F956344838F}.Debug (Anniversary Update)|x64.Build.0 = Debug|Any CPU
		{1C743253-00DD-406B-A0A9-7F956344838F}.Debug (Anniversary Update)|x86.ActiveCfg = Debug|Any CPU
		{1C743253-00DD-406B-A0A9-7F956344838F}.Debug (Anniversary Update)|x86.Build.0 = Debug|Any CPU
		{1C743253-00DD-406B-A0A9-7F956344838F}.Debug (Version 1511)|Any CPU.ActiveCfg = Debug|Any CPU
		{1C743253-00DD-406B-A0A9-7F956344838F}.Debug (Version 1511)|Any CPU.Build.0 = Debug|Any CPU
		{1C743253-00DD-406B-A0A9-7F956344838F}.Debug (Version 1511)|ARM.ActiveCfg = Debug|Any CPU
		{1C743253-00DD-406B-A0A9-7F956344838F}.Debug (Version 1511)|ARM.Build.0 = Debug|Any CPU
		{1C743253-00DD-406B-A0A9-7F956344838F}.Debug (Version 1511)|x64.ActiveCfg = Debug|Any CPU
		{1C743253-00DD-406B-A0A9-7F956344838F}.Debug (Version 1511)|x64.Build.0 = Debug|Any CPU
		{1C743253-00DD-406B-A0A9-7F956344838F}.Debug (Version 1511)|x86.ActiveCfg = Debug|Any CPU
		{1C743253-00DD-406B-A0A9-7F956344838F}.Debug (Version 1511)|x86.Build.0 = Debug|Any CPU
		{1C743253-00DD-406B-A0A9-7F956344838F}.Debug|Any CPU.ActiveCfg = Debug|Any CPU
		{1C743253-00DD-406B-A0A9-7F956344838F}.Debug|ARM.ActiveCfg = Debug|Any CPU
		{1C743253-00DD-406B-A0A9-7F956344838F}.Debug|ARM.Build.0 = Debug|Any CPU
		{1C743253-00DD-406B-A0A9-7F956344838F}.Debug|x64.ActiveCfg = Debug|Any CPU
		{1C743253-00DD-406B-A0A9-7F956344838F}.Debug|x64.Build.0 = Debug|Any CPU
		{1C743253-00DD-406B-A0A9-7F956344838F}.Debug|x86.ActiveCfg = Debug|Any CPU
		{1C743253-00DD-406B-A0A9-7F956344838F}.Debug|x86.Build.0 = Debug|Any CPU
		{1C743253-00DD-406B-A0A9-7F956344838F}.Publish|Any CPU.ActiveCfg = Debug|Any CPU
		{1C743253-00DD-406B-A0A9-7F956344838F}.Publish|Any CPU.Build.0 = Debug|Any CPU
		{1C743253-00DD-406B-A0A9-7F956344838F}.Publish|ARM.ActiveCfg = Debug|Any CPU
		{1C743253-00DD-406B-A0A9-7F956344838F}.Publish|ARM.Build.0 = Debug|Any CPU
		{1C743253-00DD-406B-A0A9-7F956344838F}.Publish|x64.ActiveCfg = Debug|Any CPU
		{1C743253-00DD-406B-A0A9-7F956344838F}.Publish|x64.Build.0 = Debug|Any CPU
		{1C743253-00DD-406B-A0A9-7F956344838F}.Publish|x86.ActiveCfg = Debug|Any CPU
		{1C743253-00DD-406B-A0A9-7F956344838F}.Publish|x86.Build.0 = Debug|Any CPU
		{1C743253-00DD-406B-A0A9-7F956344838F}.Release (Anniversary Update)|Any CPU.ActiveCfg = Release|Any CPU
		{1C743253-00DD-406B-A0A9-7F956344838F}.Release (Anniversary Update)|Any CPU.Build.0 = Release|Any CPU
		{1C743253-00DD-406B-A0A9-7F956344838F}.Release (Anniversary Update)|ARM.ActiveCfg = Release|Any CPU
		{1C743253-00DD-406B-A0A9-7F956344838F}.Release (Anniversary Update)|ARM.Build.0 = Release|Any CPU
		{1C743253-00DD-406B-A0A9-7F956344838F}.Release (Anniversary Update)|x64.ActiveCfg = Release|Any CPU
		{1C743253-00DD-406B-A0A9-7F956344838F}.Release (Anniversary Update)|x64.Build.0 = Release|Any CPU
		{1C743253-00DD-406B-A0A9-7F956344838F}.Release (Anniversary Update)|x86.ActiveCfg = Release|Any CPU
		{1C743253-00DD-406B-A0A9-7F956344838F}.Release (Anniversary Update)|x86.Build.0 = Release|Any CPU
		{1C743253-00DD-406B-A0A9-7F956344838F}.Release (Version 1511)|Any CPU.ActiveCfg = Release|Any CPU
		{1C743253-00DD-406B-A0A9-7F956344838F}.Release (Version 1511)|Any CPU.Build.0 = Release|Any CPU
		{1C743253-00DD-406B-A0A9-7F956344838F}.Release (Version 1511)|ARM.ActiveCfg = Release|Any CPU
		{1C743253-00DD-406B-A0A9-7F956344838F}.Release (Version 1511)|ARM.Build.0 = Release|Any CPU
		{1C743253-00DD-406B-A0A9-7F956344838F}.Release (Version 1511)|x64.ActiveCfg = Release|Any CPU
		{1C743253-00DD-406B-A0A9-7F956344838F}.Release (Version 1511)|x64.Build.0 = Release|Any CPU
		{1C743253-00DD-406B-A0A9-7F956344838F}.Release (Version 1511)|x86.ActiveCfg = Release|Any CPU
		{1C743253-00DD-406B-A0A9-7F956344838F}.Release (Version 1511)|x86.Build.0 = Release|Any CPU
		{1C743253-00DD-406B-A0A9-7F956344838F}.Release|Any CPU.ActiveCfg = Release|Any CPU
		{1C743253-00DD-406B-A0A9-7F956344838F}.Release|Any CPU.Build.0 = Release|Any CPU
		{1C743253-00DD-406B-A0A9-7F956344838F}.Release|ARM.ActiveCfg = Release|Any CPU
		{1C743253-00DD-406B-A0A9-7F956344838F}.Release|ARM.Build.0 = Release|Any CPU
		{1C743253-00DD-406B-A0A9-7F956344838F}.Release|x64.ActiveCfg = Release|Any CPU
		{1C743253-00DD-406B-A0A9-7F956344838F}.Release|x64.Build.0 = Release|Any CPU
		{1C743253-00DD-406B-A0A9-7F956344838F}.Release|x86.ActiveCfg = Release|Any CPU
		{1C743253-00DD-406B-A0A9-7F956344838F}.Release|x86.Build.0 = Release|Any CPU
		{E9FAABFB-D726-42C1-83C1-CB46A29FEA81}.Debug (Anniversary Update)|Any CPU.ActiveCfg = Debug|Any CPU
		{E9FAABFB-D726-42C1-83C1-CB46A29FEA81}.Debug (Anniversary Update)|Any CPU.Build.0 = Debug|Any CPU
		{E9FAABFB-D726-42C1-83C1-CB46A29FEA81}.Debug (Anniversary Update)|ARM.ActiveCfg = Debug|Any CPU
		{E9FAABFB-D726-42C1-83C1-CB46A29FEA81}.Debug (Anniversary Update)|ARM.Build.0 = Debug|Any CPU
		{E9FAABFB-D726-42C1-83C1-CB46A29FEA81}.Debug (Anniversary Update)|x64.ActiveCfg = Debug|Any CPU
		{E9FAABFB-D726-42C1-83C1-CB46A29FEA81}.Debug (Anniversary Update)|x64.Build.0 = Debug|Any CPU
		{E9FAABFB-D726-42C1-83C1-CB46A29FEA81}.Debug (Anniversary Update)|x86.ActiveCfg = Debug|Any CPU
		{E9FAABFB-D726-42C1-83C1-CB46A29FEA81}.Debug (Anniversary Update)|x86.Build.0 = Debug|Any CPU
		{E9FAABFB-D726-42C1-83C1-CB46A29FEA81}.Debug (Version 1511)|Any CPU.ActiveCfg = Debug|Any CPU
		{E9FAABFB-D726-42C1-83C1-CB46A29FEA81}.Debug (Version 1511)|Any CPU.Build.0 = Debug|Any CPU
		{E9FAABFB-D726-42C1-83C1-CB46A29FEA81}.Debug (Version 1511)|ARM.ActiveCfg = Debug|Any CPU
		{E9FAABFB-D726-42C1-83C1-CB46A29FEA81}.Debug (Version 1511)|ARM.Build.0 = Debug|Any CPU
		{E9FAABFB-D726-42C1-83C1-CB46A29FEA81}.Debug (Version 1511)|x64.ActiveCfg = Debug|Any CPU
		{E9FAABFB-D726-42C1-83C1-CB46A29FEA81}.Debug (Version 1511)|x64.Build.0 = Debug|Any CPU
		{E9FAABFB-D726-42C1-83C1-CB46A29FEA81}.Debug (Version 1511)|x86.ActiveCfg = Debug|Any CPU
		{E9FAABFB-D726-42C1-83C1-CB46A29FEA81}.Debug (Version 1511)|x86.Build.0 = Debug|Any CPU
		{E9FAABFB-D726-42C1-83C1-CB46A29FEA81}.Debug|Any CPU.ActiveCfg = Debug|Any CPU
		{E9FAABFB-D726-42C1-83C1-CB46A29FEA81}.Debug|ARM.ActiveCfg = Debug|Any CPU
		{E9FAABFB-D726-42C1-83C1-CB46A29FEA81}.Debug|ARM.Build.0 = Debug|Any CPU
		{E9FAABFB-D726-42C1-83C1-CB46A29FEA81}.Debug|x64.ActiveCfg = Debug|Any CPU
		{E9FAABFB-D726-42C1-83C1-CB46A29FEA81}.Debug|x64.Build.0 = Debug|Any CPU
		{E9FAABFB-D726-42C1-83C1-CB46A29FEA81}.Debug|x86.ActiveCfg = Debug|Any CPU
		{E9FAABFB-D726-42C1-83C1-CB46A29FEA81}.Debug|x86.Build.0 = Debug|Any CPU
		{E9FAABFB-D726-42C1-83C1-CB46A29FEA81}.Publish|Any CPU.ActiveCfg = Release|Any CPU
		{E9FAABFB-D726-42C1-83C1-CB46A29FEA81}.Publish|Any CPU.Build.0 = Release|Any CPU
		{E9FAABFB-D726-42C1-83C1-CB46A29FEA81}.Publish|ARM.ActiveCfg = Release|Any CPU
		{E9FAABFB-D726-42C1-83C1-CB46A29FEA81}.Publish|ARM.Build.0 = Release|Any CPU
		{E9FAABFB-D726-42C1-83C1-CB46A29FEA81}.Publish|x64.ActiveCfg = Release|Any CPU
		{E9FAABFB-D726-42C1-83C1-CB46A29FEA81}.Publish|x64.Build.0 = Release|Any CPU
		{E9FAABFB-D726-42C1-83C1-CB46A29FEA81}.Publish|x86.ActiveCfg = Release|Any CPU
		{E9FAABFB-D726-42C1-83C1-CB46A29FEA81}.Publish|x86.Build.0 = Release|Any CPU
		{E9FAABFB-D726-42C1-83C1-CB46A29FEA81}.Release (Anniversary Update)|Any CPU.ActiveCfg = Release|Any CPU
		{E9FAABFB-D726-42C1-83C1-CB46A29FEA81}.Release (Anniversary Update)|Any CPU.Build.0 = Release|Any CPU
		{E9FAABFB-D726-42C1-83C1-CB46A29FEA81}.Release (Anniversary Update)|ARM.ActiveCfg = Release|Any CPU
		{E9FAABFB-D726-42C1-83C1-CB46A29FEA81}.Release (Anniversary Update)|ARM.Build.0 = Release|Any CPU
		{E9FAABFB-D726-42C1-83C1-CB46A29FEA81}.Release (Anniversary Update)|x64.ActiveCfg = Release|Any CPU
		{E9FAABFB-D726-42C1-83C1-CB46A29FEA81}.Release (Anniversary Update)|x64.Build.0 = Release|Any CPU
		{E9FAABFB-D726-42C1-83C1-CB46A29FEA81}.Release (Anniversary Update)|x86.ActiveCfg = Release|Any CPU
		{E9FAABFB-D726-42C1-83C1-CB46A29FEA81}.Release (Anniversary Update)|x86.Build.0 = Release|Any CPU
		{E9FAABFB-D726-42C1-83C1-CB46A29FEA81}.Release (Version 1511)|Any CPU.ActiveCfg = Release|Any CPU
		{E9FAABFB-D726-42C1-83C1-CB46A29FEA81}.Release (Version 1511)|Any CPU.Build.0 = Release|Any CPU
		{E9FAABFB-D726-42C1-83C1-CB46A29FEA81}.Release (Version 1511)|ARM.ActiveCfg = Release|Any CPU
		{E9FAABFB-D726-42C1-83C1-CB46A29FEA81}.Release (Version 1511)|ARM.Build.0 = Release|Any CPU
		{E9FAABFB-D726-42C1-83C1-CB46A29FEA81}.Release (Version 1511)|x64.ActiveCfg = Release|Any CPU
		{E9FAABFB-D726-42C1-83C1-CB46A29FEA81}.Release (Version 1511)|x64.Build.0 = Release|Any CPU
		{E9FAABFB-D726-42C1-83C1-CB46A29FEA81}.Release (Version 1511)|x86.ActiveCfg = Release|Any CPU
		{E9FAABFB-D726-42C1-83C1-CB46A29FEA81}.Release (Version 1511)|x86.Build.0 = Release|Any CPU
		{E9FAABFB-D726-42C1-83C1-CB46A29FEA81}.Release|Any CPU.ActiveCfg = Release|Any CPU
		{E9FAABFB-D726-42C1-83C1-CB46A29FEA81}.Release|Any CPU.Build.0 = Release|Any CPU
		{E9FAABFB-D726-42C1-83C1-CB46A29FEA81}.Release|ARM.ActiveCfg = Release|Any CPU
		{E9FAABFB-D726-42C1-83C1-CB46A29FEA81}.Release|ARM.Build.0 = Release|Any CPU
		{E9FAABFB-D726-42C1-83C1-CB46A29FEA81}.Release|x64.ActiveCfg = Release|Any CPU
		{E9FAABFB-D726-42C1-83C1-CB46A29FEA81}.Release|x64.Build.0 = Release|Any CPU
		{E9FAABFB-D726-42C1-83C1-CB46A29FEA81}.Release|x86.ActiveCfg = Release|Any CPU
		{E9FAABFB-D726-42C1-83C1-CB46A29FEA81}.Release|x86.Build.0 = Release|Any CPU
		{B24A296C-B3EB-4E06-A64E-74AC2D1ACC91}.Debug (Anniversary Update)|Any CPU.ActiveCfg = Debug|Any CPU
		{B24A296C-B3EB-4E06-A64E-74AC2D1ACC91}.Debug (Anniversary Update)|Any CPU.Build.0 = Debug|Any CPU
		{B24A296C-B3EB-4E06-A64E-74AC2D1ACC91}.Debug (Anniversary Update)|ARM.ActiveCfg = Debug|Any CPU
		{B24A296C-B3EB-4E06-A64E-74AC2D1ACC91}.Debug (Anniversary Update)|ARM.Build.0 = Debug|Any CPU
		{B24A296C-B3EB-4E06-A64E-74AC2D1ACC91}.Debug (Anniversary Update)|x64.ActiveCfg = Debug|Any CPU
		{B24A296C-B3EB-4E06-A64E-74AC2D1ACC91}.Debug (Anniversary Update)|x64.Build.0 = Debug|Any CPU
		{B24A296C-B3EB-4E06-A64E-74AC2D1ACC91}.Debug (Anniversary Update)|x86.ActiveCfg = Debug|Any CPU
		{B24A296C-B3EB-4E06-A64E-74AC2D1ACC91}.Debug (Anniversary Update)|x86.Build.0 = Debug|Any CPU
		{B24A296C-B3EB-4E06-A64E-74AC2D1ACC91}.Debug (Version 1511)|Any CPU.ActiveCfg = Debug|Any CPU
		{B24A296C-B3EB-4E06-A64E-74AC2D1ACC91}.Debug (Version 1511)|Any CPU.Build.0 = Debug|Any CPU
		{B24A296C-B3EB-4E06-A64E-74AC2D1ACC91}.Debug (Version 1511)|ARM.ActiveCfg = Debug|Any CPU
		{B24A296C-B3EB-4E06-A64E-74AC2D1ACC91}.Debug (Version 1511)|ARM.Build.0 = Debug|Any CPU
		{B24A296C-B3EB-4E06-A64E-74AC2D1ACC91}.Debug (Version 1511)|x64.ActiveCfg = Debug|Any CPU
		{B24A296C-B3EB-4E06-A64E-74AC2D1ACC91}.Debug (Version 1511)|x64.Build.0 = Debug|Any CPU
		{B24A296C-B3EB-4E06-A64E-74AC2D1ACC91}.Debug (Version 1511)|x86.ActiveCfg = Debug|Any CPU
		{B24A296C-B3EB-4E06-A64E-74AC2D1ACC91}.Debug (Version 1511)|x86.Build.0 = Debug|Any CPU
		{B24A296C-B3EB-4E06-A64E-74AC2D1ACC91}.Debug|Any CPU.ActiveCfg = Debug|Any CPU
		{B24A296C-B3EB-4E06-A64E-74AC2D1ACC91}.Debug|ARM.ActiveCfg = Debug|Any CPU
		{B24A296C-B3EB-4E06-A64E-74AC2D1ACC91}.Debug|ARM.Build.0 = Debug|Any CPU
		{B24A296C-B3EB-4E06-A64E-74AC2D1ACC91}.Debug|x64.ActiveCfg = Debug|Any CPU
		{B24A296C-B3EB-4E06-A64E-74AC2D1ACC91}.Debug|x64.Build.0 = Debug|Any CPU
		{B24A296C-B3EB-4E06-A64E-74AC2D1ACC91}.Debug|x86.ActiveCfg = Debug|Any CPU
		{B24A296C-B3EB-4E06-A64E-74AC2D1ACC91}.Debug|x86.Build.0 = Debug|Any CPU
		{B24A296C-B3EB-4E06-A64E-74AC2D1ACC91}.Publish|Any CPU.ActiveCfg = Release|Any CPU
		{B24A296C-B3EB-4E06-A64E-74AC2D1ACC91}.Publish|Any CPU.Build.0 = Release|Any CPU
		{B24A296C-B3EB-4E06-A64E-74AC2D1ACC91}.Publish|ARM.ActiveCfg = Release|Any CPU
		{B24A296C-B3EB-4E06-A64E-74AC2D1ACC91}.Publish|ARM.Build.0 = Release|Any CPU
		{B24A296C-B3EB-4E06-A64E-74AC2D1ACC91}.Publish|x64.ActiveCfg = Release|Any CPU
		{B24A296C-B3EB-4E06-A64E-74AC2D1ACC91}.Publish|x64.Build.0 = Release|Any CPU
		{B24A296C-B3EB-4E06-A64E-74AC2D1ACC91}.Publish|x86.ActiveCfg = Release|Any CPU
		{B24A296C-B3EB-4E06-A64E-74AC2D1ACC91}.Publish|x86.Build.0 = Release|Any CPU
		{B24A296C-B3EB-4E06-A64E-74AC2D1ACC91}.Release (Anniversary Update)|Any CPU.ActiveCfg = Release|Any CPU
		{B24A296C-B3EB-4E06-A64E-74AC2D1ACC91}.Release (Anniversary Update)|Any CPU.Build.0 = Release|Any CPU
		{B24A296C-B3EB-4E06-A64E-74AC2D1ACC91}.Release (Anniversary Update)|ARM.ActiveCfg = Release|Any CPU
		{B24A296C-B3EB-4E06-A64E-74AC2D1ACC91}.Release (Anniversary Update)|ARM.Build.0 = Release|Any CPU
		{B24A296C-B3EB-4E06-A64E-74AC2D1ACC91}.Release (Anniversary Update)|x64.ActiveCfg = Release|Any CPU
		{B24A296C-B3EB-4E06-A64E-74AC2D1ACC91}.Release (Anniversary Update)|x64.Build.0 = Release|Any CPU
		{B24A296C-B3EB-4E06-A64E-74AC2D1ACC91}.Release (Anniversary Update)|x86.ActiveCfg = Release|Any CPU
		{B24A296C-B3EB-4E06-A64E-74AC2D1ACC91}.Release (Anniversary Update)|x86.Build.0 = Release|Any CPU
		{B24A296C-B3EB-4E06-A64E-74AC2D1ACC91}.Release (Version 1511)|Any CPU.ActiveCfg = Release|Any CPU
		{B24A296C-B3EB-4E06-A64E-74AC2D1ACC91}.Release (Version 1511)|Any CPU.Build.0 = Release|Any CPU
		{B24A296C-B3EB-4E06-A64E-74AC2D1ACC91}.Release (Version 1511)|ARM.ActiveCfg = Release|Any CPU
		{B24A296C-B3EB-4E06-A64E-74AC2D1ACC91}.Release (Version 1511)|ARM.Build.0 = Release|Any CPU
		{B24A296C-B3EB-4E06-A64E-74AC2D1ACC91}.Release (Version 1511)|x64.ActiveCfg = Release|Any CPU
		{B24A296C-B3EB-4E06-A64E-74AC2D1ACC91}.Release (Version 1511)|x64.Build.0 = Release|Any CPU
		{B24A296C-B3EB-4E06-A64E-74AC2D1ACC91}.Release (Version 1511)|x86.ActiveCfg = Release|Any CPU
		{B24A296C-B3EB-4E06-A64E-74AC2D1ACC91}.Release (Version 1511)|x86.Build.0 = Release|Any CPU
		{B24A296C-B3EB-4E06-A64E-74AC2D1ACC91}.Release|Any CPU.ActiveCfg = Release|Any CPU
		{B24A296C-B3EB-4E06-A64E-74AC2D1ACC91}.Release|Any CPU.Build.0 = Release|Any CPU
		{B24A296C-B3EB-4E06-A64E-74AC2D1ACC91}.Release|ARM.ActiveCfg = Release|Any CPU
		{B24A296C-B3EB-4E06-A64E-74AC2D1ACC91}.Release|ARM.Build.0 = Release|Any CPU
		{B24A296C-B3EB-4E06-A64E-74AC2D1ACC91}.Release|x64.ActiveCfg = Release|Any CPU
		{B24A296C-B3EB-4E06-A64E-74AC2D1ACC91}.Release|x64.Build.0 = Release|Any CPU
		{B24A296C-B3EB-4E06-A64E-74AC2D1ACC91}.Release|x86.ActiveCfg = Release|Any CPU
		{B24A296C-B3EB-4E06-A64E-74AC2D1ACC91}.Release|x86.Build.0 = Release|Any CPU
		{3DD8AA7C-3569-4E51-992F-0C2257E8878E}.Debug (Anniversary Update)|Any CPU.ActiveCfg = Debug|Any CPU
		{3DD8AA7C-3569-4E51-992F-0C2257E8878E}.Debug (Anniversary Update)|Any CPU.Build.0 = Debug|Any CPU
		{3DD8AA7C-3569-4E51-992F-0C2257E8878E}.Debug (Anniversary Update)|ARM.ActiveCfg = Debug|Any CPU
		{3DD8AA7C-3569-4E51-992F-0C2257E8878E}.Debug (Anniversary Update)|ARM.Build.0 = Debug|Any CPU
		{3DD8AA7C-3569-4E51-992F-0C2257E8878E}.Debug (Anniversary Update)|x64.ActiveCfg = Debug|Any CPU
		{3DD8AA7C-3569-4E51-992F-0C2257E8878E}.Debug (Anniversary Update)|x64.Build.0 = Debug|Any CPU
		{3DD8AA7C-3569-4E51-992F-0C2257E8878E}.Debug (Anniversary Update)|x86.ActiveCfg = Debug|Any CPU
		{3DD8AA7C-3569-4E51-992F-0C2257E8878E}.Debug (Anniversary Update)|x86.Build.0 = Debug|Any CPU
		{3DD8AA7C-3569-4E51-992F-0C2257E8878E}.Debug (Version 1511)|Any CPU.ActiveCfg = Debug|Any CPU
		{3DD8AA7C-3569-4E51-992F-0C2257E8878E}.Debug (Version 1511)|Any CPU.Build.0 = Debug|Any CPU
		{3DD8AA7C-3569-4E51-992F-0C2257E8878E}.Debug (Version 1511)|ARM.ActiveCfg = Debug|Any CPU
		{3DD8AA7C-3569-4E51-992F-0C2257E8878E}.Debug (Version 1511)|ARM.Build.0 = Debug|Any CPU
		{3DD8AA7C-3569-4E51-992F-0C2257E8878E}.Debug (Version 1511)|x64.ActiveCfg = Debug|Any CPU
		{3DD8AA7C-3569-4E51-992F-0C2257E8878E}.Debug (Version 1511)|x64.Build.0 = Debug|Any CPU
		{3DD8AA7C-3569-4E51-992F-0C2257E8878E}.Debug (Version 1511)|x86.ActiveCfg = Debug|Any CPU
		{3DD8AA7C-3569-4E51-992F-0C2257E8878E}.Debug (Version 1511)|x86.Build.0 = Debug|Any CPU
		{3DD8AA7C-3569-4E51-992F-0C2257E8878E}.Debug|Any CPU.ActiveCfg = Debug|Any CPU
		{3DD8AA7C-3569-4E51-992F-0C2257E8878E}.Debug|ARM.ActiveCfg = Debug|Any CPU
		{3DD8AA7C-3569-4E51-992F-0C2257E8878E}.Debug|ARM.Build.0 = Debug|Any CPU
		{3DD8AA7C-3569-4E51-992F-0C2257E8878E}.Debug|x64.ActiveCfg = Debug|Any CPU
		{3DD8AA7C-3569-4E51-992F-0C2257E8878E}.Debug|x64.Build.0 = Debug|Any CPU
		{3DD8AA7C-3569-4E51-992F-0C2257E8878E}.Debug|x86.ActiveCfg = Debug|Any CPU
		{3DD8AA7C-3569-4E51-992F-0C2257E8878E}.Debug|x86.Build.0 = Debug|Any CPU
		{3DD8AA7C-3569-4E51-992F-0C2257E8878E}.Publish|Any CPU.ActiveCfg = Release|Any CPU
		{3DD8AA7C-3569-4E51-992F-0C2257E8878E}.Publish|Any CPU.Build.0 = Release|Any CPU
		{3DD8AA7C-3569-4E51-992F-0C2257E8878E}.Publish|ARM.ActiveCfg = Release|Any CPU
		{3DD8AA7C-3569-4E51-992F-0C2257E8878E}.Publish|ARM.Build.0 = Release|Any CPU
		{3DD8AA7C-3569-4E51-992F-0C2257E8878E}.Publish|x64.ActiveCfg = Release|Any CPU
		{3DD8AA7C-3569-4E51-992F-0C2257E8878E}.Publish|x64.Build.0 = Release|Any CPU
		{3DD8AA7C-3569-4E51-992F-0C2257E8878E}.Publish|x86.ActiveCfg = Release|Any CPU
		{3DD8AA7C-3569-4E51-992F-0C2257E8878E}.Publish|x86.Build.0 = Release|Any CPU
		{3DD8AA7C-3569-4E51-992F-0C2257E8878E}.Release (Anniversary Update)|Any CPU.ActiveCfg = Release|Any CPU
		{3DD8AA7C-3569-4E51-992F-0C2257E8878E}.Release (Anniversary Update)|Any CPU.Build.0 = Release|Any CPU
		{3DD8AA7C-3569-4E51-992F-0C2257E8878E}.Release (Anniversary Update)|ARM.ActiveCfg = Release|Any CPU
		{3DD8AA7C-3569-4E51-992F-0C2257E8878E}.Release (Anniversary Update)|ARM.Build.0 = Release|Any CPU
		{3DD8AA7C-3569-4E51-992F-0C2257E8878E}.Release (Anniversary Update)|x64.ActiveCfg = Release|Any CPU
		{3DD8AA7C-3569-4E51-992F-0C2257E8878E}.Release (Anniversary Update)|x64.Build.0 = Release|Any CPU
		{3DD8AA7C-3569-4E51-992F-0C2257E8878E}.Release (Anniversary Update)|x86.ActiveCfg = Release|Any CPU
		{3DD8AA7C-3569-4E51-992F-0C2257E8878E}.Release (Anniversary Update)|x86.Build.0 = Release|Any CPU
		{3DD8AA7C-3569-4E51-992F-0C2257E8878E}.Release (Version 1511)|Any CPU.ActiveCfg = Release|Any CPU
		{3DD8AA7C-3569-4E51-992F-0C2257E8878E}.Release (Version 1511)|Any CPU.Build.0 = Release|Any CPU
		{3DD8AA7C-3569-4E51-992F-0C2257E8878E}.Release (Version 1511)|ARM.ActiveCfg = Release|Any CPU
		{3DD8AA7C-3569-4E51-992F-0C2257E8878E}.Release (Version 1511)|ARM.Build.0 = Release|Any CPU
		{3DD8AA7C-3569-4E51-992F-0C2257E8878E}.Release (Version 1511)|x64.ActiveCfg = Release|Any CPU
		{3DD8AA7C-3569-4E51-992F-0C2257E8878E}.Release (Version 1511)|x64.Build.0 = Release|Any CPU
		{3DD8AA7C-3569-4E51-992F-0C2257E8878E}.Release (Version 1511)|x86.ActiveCfg = Release|Any CPU
		{3DD8AA7C-3569-4E51-992F-0C2257E8878E}.Release (Version 1511)|x86.Build.0 = Release|Any CPU
		{3DD8AA7C-3569-4E51-992F-0C2257E8878E}.Release|Any CPU.ActiveCfg = Release|Any CPU
		{3DD8AA7C-3569-4E51-992F-0C2257E8878E}.Release|Any CPU.Build.0 = Release|Any CPU
		{3DD8AA7C-3569-4E51-992F-0C2257E8878E}.Release|ARM.ActiveCfg = Release|Any CPU
		{3DD8AA7C-3569-4E51-992F-0C2257E8878E}.Release|ARM.Build.0 = Release|Any CPU
		{3DD8AA7C-3569-4E51-992F-0C2257E8878E}.Release|x64.ActiveCfg = Release|Any CPU
		{3DD8AA7C-3569-4E51-992F-0C2257E8878E}.Release|x64.Build.0 = Release|Any CPU
		{3DD8AA7C-3569-4E51-992F-0C2257E8878E}.Release|x86.ActiveCfg = Release|Any CPU
		{3DD8AA7C-3569-4E51-992F-0C2257E8878E}.Release|x86.Build.0 = Release|Any CPU
	EndGlobalSection
	GlobalSection(SolutionProperties) = preSolution
		HideSolutionNode = FALSE
	EndGlobalSection
	GlobalSection(ExtensibilityGlobals) = postSolution
		SolutionGuid = {D3AA6B3A-B04B-42ED-A42C-796BFBC555C7}
	EndGlobalSection
EndGlobal
